// !$*UTF8*$!
{
	archiveVersion = 1;
	classes = {
	};
	objectVersion = 56;
	objects = {

/* Begin PBXBuildFile section */
		520072302CF72BB80080D8E8 /* ZFFileProtocol.swift in Sources */ = {isa = PBXBuildFile; fileRef = 5200722F2CF72BB80080D8E8 /* ZFFileProtocol.swift */; };
		520072342CF77ED40080D8E8 /* SettingsView.swift in Sources */ = {isa = PBXBuildFile; fileRef = 520072332CF77ED40080D8E8 /* SettingsView.swift */; };
		520732F12CE383C100659A66 /* ZIAMManager.swift in Sources */ = {isa = PBXBuildFile; fileRef = 520732F02CE383C100659A66 /* ZIAMManager.swift */; };
		520732F42CE3851600659A66 /* UserDefaultsKey.swift in Sources */ = {isa = PBXBuildFile; fileRef = 520732F32CE3851600659A66 /* UserDefaultsKey.swift */; };
		521648072CFD6BE800D599E2 /* HomeSidebarView.swift in Sources */ = {isa = PBXBuildFile; fileRef = 521648062CFD6BE800D599E2 /* HomeSidebarView.swift */; };
		5216480B2CFD7A8700D599E2 /* HomeSideBarAppLabel.swift in Sources */ = {isa = PBXBuildFile; fileRef = 5216480A2CFD7A8700D599E2 /* HomeSideBarAppLabel.swift */; };
		5216480F2CFD976500D599E2 /* StateManagementEnums.swift in Sources */ = {isa = PBXBuildFile; fileRef = 5216480E2CFD976500D599E2 /* StateManagementEnums.swift */; };
		521648112CFD98D700D599E2 /* HorizontalLoadingWrapper.swift in Sources */ = {isa = PBXBuildFile; fileRef = 521648102CFD98D700D599E2 /* HorizontalLoadingWrapper.swift */; };
		522C7F632D01942D0032F25E /* AttachedFileDetailViewModel.swift in Sources */ = {isa = PBXBuildFile; fileRef = 522C7F622D01942D0032F25E /* AttachedFileDetailViewModel.swift */; };
		522C7F652D02E6620032F25E /* CopyInstallationLinkView.swift in Sources */ = {isa = PBXBuildFile; fileRef = 522C7F642D02E6620032F25E /* CopyInstallationLinkView.swift */; };
		523F71D32CDB323100D564E7 /* MEMInstallerApp.swift in Sources */ = {isa = PBXBuildFile; fileRef = 523F71D22CDB323100D564E7 /* MEMInstallerApp.swift */; };
		523F71D52CDB323100D564E7 /* ContentView.swift in Sources */ = {isa = PBXBuildFile; fileRef = 523F71D42CDB323100D564E7 /* ContentView.swift */; };
		523F71D72CDB323600D564E7 /* Assets.xcassets in Resources */ = {isa = PBXBuildFile; fileRef = 523F71D62CDB323600D564E7 /* Assets.xcassets */; };
		523F71DA2CDB323600D564E7 /* Preview Assets.xcassets in Resources */ = {isa = PBXBuildFile; fileRef = 523F71D92CDB323600D564E7 /* Preview Assets.xcassets */; };
		523F71E42CDB323600D564E7 /* MEMInstallerTests.swift in Sources */ = {isa = PBXBuildFile; fileRef = 523F71E32CDB323600D564E7 /* MEMInstallerTests.swift */; };
		523F71EE2CDB323600D564E7 /* MEMInstallerUITests.swift in Sources */ = {isa = PBXBuildFile; fileRef = 523F71ED2CDB323600D564E7 /* MEMInstallerUITests.swift */; };
		523F71F02CDB323600D564E7 /* MEMInstallerUITestsLaunchTests.swift in Sources */ = {isa = PBXBuildFile; fileRef = 523F71EF2CDB323600D564E7 /* MEMInstallerUITestsLaunchTests.swift */; };
		523F72082CDB355900D564E7 /* AppDelegate.swift in Sources */ = {isa = PBXBuildFile; fileRef = 523F72072CDB355900D564E7 /* AppDelegate.swift */; };
		523F72112CDB364B00D564E7 /* Localizable.strings in Resources */ = {isa = PBXBuildFile; fileRef = 523F72102CDB364B00D564E7 /* Localizable.strings */; };
		523F72132CDB365C00D564E7 /* LoginView.swift in Sources */ = {isa = PBXBuildFile; fileRef = 523F72122CDB365C00D564E7 /* LoginView.swift */; };
		523F72152CDB368500D564E7 /* AppViewModel.swift in Sources */ = {isa = PBXBuildFile; fileRef = 523F72142CDB368500D564E7 /* AppViewModel.swift */; };
		523F721B2CDB37D000D564E7 /* HomeView.swift in Sources */ = {isa = PBXBuildFile; fileRef = 523F721A2CDB37D000D564E7 /* HomeView.swift */; };
		523F721D2CDB3C7C00D564E7 /* ZLogs.swift in Sources */ = {isa = PBXBuildFile; fileRef = 523F721C2CDB3C7C00D564E7 /* ZLogs.swift */; };
		523F72202CDB4A6D00D564E7 /* KeychainServices.swift in Sources */ = {isa = PBXBuildFile; fileRef = 523F721F2CDB4A6D00D564E7 /* KeychainServices.swift */; };
		523F72232CDB4AB800D564E7 /* KeyChainKeys.swift in Sources */ = {isa = PBXBuildFile; fileRef = 523F72222CDB4AB800D564E7 /* KeyChainKeys.swift */; };
		523F72262CDB4EFC00D564E7 /* ZUserProfile.swift in Sources */ = {isa = PBXBuildFile; fileRef = 523F72252CDB4EFC00D564E7 /* ZUserProfile.swift */; };
		523F72292CDB68B300D564E7 /* StyleManager.swift in Sources */ = {isa = PBXBuildFile; fileRef = 523F72282CDB68B300D564E7 /* StyleManager.swift */; };
		523F722B2CDB68D500D564E7 /* Colors.swift in Sources */ = {isa = PBXBuildFile; fileRef = 523F722A2CDB68D500D564E7 /* Colors.swift */; };
		523F722D2CDB690000D564E7 /* UIColor+.swift in Sources */ = {isa = PBXBuildFile; fileRef = 523F722C2CDB690000D564E7 /* UIColor+.swift */; };
		523F72302CDB77EE00D564E7 /* ViewModifiers.swift in Sources */ = {isa = PBXBuildFile; fileRef = 523F722F2CDB77EE00D564E7 /* ViewModifiers.swift */; };
		523F72322CDB780200D564E7 /* ViewModifiers+.swift in Sources */ = {isa = PBXBuildFile; fileRef = 523F72312CDB780200D564E7 /* ViewModifiers+.swift */; };
		523F72352CDB794700D564E7 /* HomeViewModel.swift in Sources */ = {isa = PBXBuildFile; fileRef = 523F72342CDB794700D564E7 /* HomeViewModel.swift */; };
		523F72372CDB7A9B00D564E7 /* LetterAvatar.swift in Sources */ = {isa = PBXBuildFile; fileRef = 523F72362CDB7A9B00D564E7 /* LetterAvatar.swift */; };
		523F72392CDB8DDB00D564E7 /* UTType+.swift in Sources */ = {isa = PBXBuildFile; fileRef = 523F72382CDB8DDB00D564E7 /* UTType+.swift */; };
		523F723B2CDB903100D564E7 /* PropertyListHandler.swift in Sources */ = {isa = PBXBuildFile; fileRef = 523F723A2CDB903100D564E7 /* PropertyListHandler.swift */; };
		523F723D2CDB912A00D564E7 /* ZFFileManager.swift in Sources */ = {isa = PBXBuildFile; fileRef = 523F723C2CDB912A00D564E7 /* ZFFileManager.swift */; };
		523F723F2CDB915E00D564E7 /* ZError.swift in Sources */ = {isa = PBXBuildFile; fileRef = 523F723E2CDB915E00D564E7 /* ZError.swift */; };
		523F72422CDB9EE400D564E7 /* BundleProperties.swift in Sources */ = {isa = PBXBuildFile; fileRef = 523F72412CDB9EE400D564E7 /* BundleProperties.swift */; };
		523F72452CDBAD0400D564E7 /* AttachedFileDetailView.swift in Sources */ = {isa = PBXBuildFile; fileRef = 523F72442CDBAD0400D564E7 /* AttachedFileDetailView.swift */; };
		523F72472CDBAD3000D564E7 /* ActivityViewRepresentable.swift in Sources */ = {isa = PBXBuildFile; fileRef = 523F72462CDBAD3000D564E7 /* ActivityViewRepresentable.swift */; };
		523F72492CDBAD9D00D564E7 /* UIImage+.swift in Sources */ = {isa = PBXBuildFile; fileRef = 523F72482CDBAD9D00D564E7 /* UIImage+.swift */; };
		5252A4032CF5FE28005DD9CC /* HorizontalKeyValueContainer.swift in Sources */ = {isa = PBXBuildFile; fileRef = 5252A4022CF5FE28005DD9CC /* HorizontalKeyValueContainer.swift */; };
		5252A4092CF641CF005DD9CC /* NavigationProtocol.swift in Sources */ = {isa = PBXBuildFile; fileRef = 5252A4082CF641CF005DD9CC /* NavigationProtocol.swift */; };
		5252A40B2CF64272005DD9CC /* AppCoordinatorImpl.swift in Sources */ = {isa = PBXBuildFile; fileRef = 5252A40A2CF64272005DD9CC /* AppCoordinatorImpl.swift */; };
		5252A40E2CF64FCA005DD9CC /* ZSMultiThreading.swift in Sources */ = {isa = PBXBuildFile; fileRef = 5252A40D2CF64FCA005DD9CC /* ZSMultiThreading.swift */; };
		5252A4102CF6DBD5005DD9CC /* NavigationEnums.swift in Sources */ = {isa = PBXBuildFile; fileRef = 5252A40F2CF6DBD4005DD9CC /* NavigationEnums.swift */; };
		5252A4182CF704A2005DD9CC /* ViewBuilders.swift in Sources */ = {isa = PBXBuildFile; fileRef = 5252A4172CF704A2005DD9CC /* ViewBuilders.swift */; };
		5252A41A2CF71DB2005DD9CC /* Decimal+.swift in Sources */ = {isa = PBXBuildFile; fileRef = 5252A4192CF71DB2005DD9CC /* Decimal+.swift */; };
		525AD98F2CF4424600BF08AF /* Device.swift in Sources */ = {isa = PBXBuildFile; fileRef = 525AD98E2CF4424600BF08AF /* Device.swift */; };
		525AD9912CF446F500BF08AF /* Notification+.swift in Sources */ = {isa = PBXBuildFile; fileRef = 525AD9902CF446F500BF08AF /* Notification+.swift */; };
		525AD9932CF5784900BF08AF /* MobileProvision.swift in Sources */ = {isa = PBXBuildFile; fileRef = 525AD9922CF5784900BF08AF /* MobileProvision.swift */; };
		525AD9972CF5B86E00BF08AF /* RoundedRectangleOutlineView.swift in Sources */ = {isa = PBXBuildFile; fileRef = 525AD9962CF5B86E00BF08AF /* RoundedRectangleOutlineView.swift */; };
		5270C5622CEC64C300C051CB /* PUT.swift in Sources */ = {isa = PBXBuildFile; fileRef = 5270C5612CEC64C300C051CB /* PUT.swift */; };
		5270C56B2CEDECFB00C051CB /* PresentLogoutView.swift in Sources */ = {isa = PBXBuildFile; fileRef = 5270C56A2CEDECFB00C051CB /* PresentLogoutView.swift */; };
		5270C5712CEDEF0500C051CB /* Bundle+.swift in Sources */ = {isa = PBXBuildFile; fileRef = 5270C5702CEDEF0500C051CB /* Bundle+.swift */; };
		529A4D1B2CF9774D00E2EDB7 /* UIScreen+.swift in Sources */ = {isa = PBXBuildFile; fileRef = 529A4D1A2CF9774D00E2EDB7 /* UIScreen+.swift */; };
		529E6FEA2CFCDA45002AB497 /* Array+.swift in Sources */ = {isa = PBXBuildFile; fileRef = 529E6FE92CFCDA45002AB497 /* Array+.swift */; };
		52A77EF52CF9F5830064A063 /* UserProfileButtonView.swift in Sources */ = {isa = PBXBuildFile; fileRef = 52A77EF42CF9F5830064A063 /* UserProfileButtonView.swift */; };
		52B095192CEEF46D00D0D383 /* EnvironmentKey+.swift in Sources */ = {isa = PBXBuildFile; fileRef = 52B095182CEEF46D00D0D383 /* EnvironmentKey+.swift */; };
		52B7D08E2D001FFC0095707B /* SettingPrivacyView.swift in Sources */ = {isa = PBXBuildFile; fileRef = 52B7D08D2D001FFC0095707B /* SettingPrivacyView.swift */; };
		52B7D0902D00219A0095707B /* ProcessInfo+.swift in Sources */ = {isa = PBXBuildFile; fileRef = 52B7D08F2D00219A0095707B /* ProcessInfo+.swift */; };
		52BCCCAF2CF7884500D49186 /* AboutView.swift in Sources */ = {isa = PBXBuildFile; fileRef = 52BCCCAE2CF7884500D49186 /* AboutView.swift */; };
		52BCCCB12CF7886100D49186 /* UserProfileImageView.swift in Sources */ = {isa = PBXBuildFile; fileRef = 52BCCCB02CF7886100D49186 /* UserProfileImageView.swift */; };
		52BCCCB92CF8D2E700D49186 /* UploadComponents.swift in Sources */ = {isa = PBXBuildFile; fileRef = 52BCCCB82CF8D2E700D49186 /* UploadComponents.swift */; };
		52BCCCBB2CF8EC8600D49186 /* Constants.swift in Sources */ = {isa = PBXBuildFile; fileRef = 52BCCCBA2CF8EC8600D49186 /* Constants.swift */; };
		52D0B5542CEB3D6C00214F41 /* String+.swift in Sources */ = {isa = PBXBuildFile; fileRef = 52D0B5532CEB3D6C00214F41 /* String+.swift */; };
		52D0B5582CEB730400214F41 /* DownloadService.swift in Sources */ = {isa = PBXBuildFile; fileRef = 52D0B5572CEB730400214F41 /* DownloadService.swift */; };
		52E109D82CE6287C002D1EDD /* WindowAccessor.swift in Sources */ = {isa = PBXBuildFile; fileRef = 52E109D72CE6287B002D1EDD /* WindowAccessor.swift */; };
		52E109E12CE67994002D1EDD /* EmptyBucketView.swift in Sources */ = {isa = PBXBuildFile; fileRef = 52E109E02CE67994002D1EDD /* EmptyBucketView.swift */; };
		52E109E52CE67A2B002D1EDD /* Launch Screen.storyboard in Resources */ = {isa = PBXBuildFile; fileRef = 52E109E42CE67A2B002D1EDD /* Launch Screen.storyboard */; };
		52E109E72CE70671002D1EDD /* View+.swift in Sources */ = {isa = PBXBuildFile; fileRef = 52E109E62CE70671002D1EDD /* View+.swift */; };
		52E109E92CE70725002D1EDD /* Color+.swift in Sources */ = {isa = PBXBuildFile; fileRef = 52E109E82CE70725002D1EDD /* Color+.swift */; };
		52E109EB2CE70A7F002D1EDD /* UIViewController+.swift in Sources */ = {isa = PBXBuildFile; fileRef = 52E109EA2CE70A7F002D1EDD /* UIViewController+.swift */; };
		52E109ED2CE75C18002D1EDD /* BucketObjectModel.swift in Sources */ = {isa = PBXBuildFile; fileRef = 52E109EC2CE75C18002D1EDD /* BucketObjectModel.swift */; };
		52E109F22CE7BCE0002D1EDD /* PackageExtractionHandler.swift in Sources */ = {isa = PBXBuildFile; fileRef = 52E109F12CE7BCE0002D1EDD /* PackageExtractionHandler.swift */; };
		52F393A62CE47ABD00C9B23C /* UserManagerProtocol.swift in Sources */ = {isa = PBXBuildFile; fileRef = 52F393A52CE47ABD00C9B23C /* UserManagerProtocol.swift */; };
		52F393A82CE47AFF00C9B23C /* UserDataManager.swift in Sources */ = {isa = PBXBuildFile; fileRef = 52F393A72CE47AFF00C9B23C /* UserDataManager.swift */; };
		52F393B32CE5202D00C9B23C /* ConnectionStatus.swift in Sources */ = {isa = PBXBuildFile; fileRef = 52F393B22CE5202D00C9B23C /* ConnectionStatus.swift */; };
		52F393B52CE520A800C9B23C /* ZAPIStrings.swift in Sources */ = {isa = PBXBuildFile; fileRef = 52F393B42CE520A800C9B23C /* ZAPIStrings.swift */; };
		52F393B72CE5D0AA00C9B23C /* GET.swift in Sources */ = {isa = PBXBuildFile; fileRef = 52F393B62CE5D0AA00C9B23C /* GET.swift */; };
		52F393B92CE5D15F00C9B23C /* NetworkRequestProtocol.swift in Sources */ = {isa = PBXBuildFile; fileRef = 52F393B82CE5D15F00C9B23C /* NetworkRequestProtocol.swift */; };
		52F393BB2CE5D9D000C9B23C /* PATCH.swift in Sources */ = {isa = PBXBuildFile; fileRef = 52F393BA2CE5D9D000C9B23C /* PATCH.swift */; };
		52F393BD2CE5D9EE00C9B23C /* TokenProviderProtocol.swift in Sources */ = {isa = PBXBuildFile; fileRef = 52F393BC2CE5D9EE00C9B23C /* TokenProviderProtocol.swift */; };
		52F393C02CE5DBF000C9B23C /* StratusRepository.swift in Sources */ = {isa = PBXBuildFile; fileRef = 52F393BF2CE5DBF000C9B23C /* StratusRepository.swift */; };
		52F393C32CE5DC6C00C9B23C /* BucketModel.swift in Sources */ = {isa = PBXBuildFile; fileRef = 52F393C22CE5DC6C00C9B23C /* BucketModel.swift */; };
		52F393C52CE5DCAD00C9B23C /* DataModel.swift in Sources */ = {isa = PBXBuildFile; fileRef = 52F393C42CE5DCAD00C9B23C /* DataModel.swift */; };
		52F393C72CE5DEE700C9B23C /* StratusRepositoryImpl.swift in Sources */ = {isa = PBXBuildFile; fileRef = 52F393C62CE5DEE700C9B23C /* StratusRepositoryImpl.swift */; };
		52F393CA2CE5EA3C00C9B23C /* HorizontalCircularViewStyle.swift in Sources */ = {isa = PBXBuildFile; fileRef = 52F393C92CE5EA3C00C9B23C /* HorizontalCircularViewStyle.swift */; };
		52F6EA612D0721C300ACA676 /* AppPackageProcessor.swift in Sources */ = {isa = PBXBuildFile; fileRef = 52F6EA602D0721C300ACA676 /* AppPackageProcessor.swift */; };
		52F6EA632D081AC300ACA676 /* PackageExtractionModel.swift in Sources */ = {isa = PBXBuildFile; fileRef = 52F6EA622D081AC300ACA676 /* PackageExtractionModel.swift */; };
		6E3D27AADF1F079DA4CBBB12 /* Pods_MEMInstallerTests.framework in Frameworks */ = {isa = PBXBuildFile; fileRef = FB9327342D097D191A35EF33 /* Pods_MEMInstallerTests.framework */; };
		D274DE099541BB3B55AE12EB /* Pods_MEMInstaller_MEMInstallerUITests.framework in Frameworks */ = {isa = PBXBuildFile; fileRef = 0424D3F1459B5F266A470349 /* Pods_MEMInstaller_MEMInstallerUITests.framework */; };
		DECBCDD5C8E53368D8C4DCCC /* Pods_MEMInstaller.framework in Frameworks */ = {isa = PBXBuildFile; fileRef = 7E33D6725BADDB39D37423CA /* Pods_MEMInstaller.framework */; };
/* End PBXBuildFile section */

/* Begin PBXContainerItemProxy section */
		523F71E02CDB323600D564E7 /* PBXContainerItemProxy */ = {
			isa = PBXContainerItemProxy;
			containerPortal = 523F71C72CDB323100D564E7 /* Project object */;
			proxyType = 1;
			remoteGlobalIDString = 523F71CE2CDB323100D564E7;
			remoteInfo = MEMInstaller;
		};
		523F71EA2CDB323600D564E7 /* PBXContainerItemProxy */ = {
			isa = PBXContainerItemProxy;
			containerPortal = 523F71C72CDB323100D564E7 /* Project object */;
			proxyType = 1;
			remoteGlobalIDString = 523F71CE2CDB323100D564E7;
			remoteInfo = MEMInstaller;
		};
/* End PBXContainerItemProxy section */

/* Begin PBXFileReference section */
		0424D3F1459B5F266A470349 /* Pods_MEMInstaller_MEMInstallerUITests.framework */ = {isa = PBXFileReference; explicitFileType = wrapper.framework; includeInIndex = 0; path = Pods_MEMInstaller_MEMInstallerUITests.framework; sourceTree = BUILT_PRODUCTS_DIR; };
		5200722F2CF72BB80080D8E8 /* ZFFileProtocol.swift */ = {isa = PBXFileReference; lastKnownFileType = sourcecode.swift; path = ZFFileProtocol.swift; sourceTree = "<group>"; };
		520072332CF77ED40080D8E8 /* SettingsView.swift */ = {isa = PBXFileReference; lastKnownFileType = sourcecode.swift; path = SettingsView.swift; sourceTree = "<group>"; };
		520732F02CE383C100659A66 /* ZIAMManager.swift */ = {isa = PBXFileReference; lastKnownFileType = sourcecode.swift; path = ZIAMManager.swift; sourceTree = "<group>"; };
		520732F32CE3851600659A66 /* UserDefaultsKey.swift */ = {isa = PBXFileReference; lastKnownFileType = sourcecode.swift; path = UserDefaultsKey.swift; sourceTree = "<group>"; };
		521648062CFD6BE800D599E2 /* HomeSidebarView.swift */ = {isa = PBXFileReference; lastKnownFileType = sourcecode.swift; path = HomeSidebarView.swift; sourceTree = "<group>"; };
		5216480A2CFD7A8700D599E2 /* HomeSideBarAppLabel.swift */ = {isa = PBXFileReference; lastKnownFileType = sourcecode.swift; path = HomeSideBarAppLabel.swift; sourceTree = "<group>"; };
		5216480E2CFD976500D599E2 /* StateManagementEnums.swift */ = {isa = PBXFileReference; lastKnownFileType = sourcecode.swift; path = StateManagementEnums.swift; sourceTree = "<group>"; };
		521648102CFD98D700D599E2 /* HorizontalLoadingWrapper.swift */ = {isa = PBXFileReference; lastKnownFileType = sourcecode.swift; path = HorizontalLoadingWrapper.swift; sourceTree = "<group>"; };
		522C7F622D01942D0032F25E /* AttachedFileDetailViewModel.swift */ = {isa = PBXFileReference; lastKnownFileType = sourcecode.swift; path = AttachedFileDetailViewModel.swift; sourceTree = "<group>"; };
		522C7F642D02E6620032F25E /* CopyInstallationLinkView.swift */ = {isa = PBXFileReference; lastKnownFileType = sourcecode.swift; path = CopyInstallationLinkView.swift; sourceTree = "<group>"; };
		523F71CF2CDB323100D564E7 /* MEMInstaller.app */ = {isa = PBXFileReference; explicitFileType = wrapper.application; includeInIndex = 0; path = MEMInstaller.app; sourceTree = BUILT_PRODUCTS_DIR; };
		523F71D22CDB323100D564E7 /* MEMInstallerApp.swift */ = {isa = PBXFileReference; lastKnownFileType = sourcecode.swift; path = MEMInstallerApp.swift; sourceTree = "<group>"; };
		523F71D42CDB323100D564E7 /* ContentView.swift */ = {isa = PBXFileReference; lastKnownFileType = sourcecode.swift; path = ContentView.swift; sourceTree = "<group>"; };
		523F71D62CDB323600D564E7 /* Assets.xcassets */ = {isa = PBXFileReference; lastKnownFileType = folder.assetcatalog; path = Assets.xcassets; sourceTree = "<group>"; };
		523F71D92CDB323600D564E7 /* Preview Assets.xcassets */ = {isa = PBXFileReference; lastKnownFileType = folder.assetcatalog; path = "Preview Assets.xcassets"; sourceTree = "<group>"; };
		523F71DF2CDB323600D564E7 /* MEMInstallerTests.xctest */ = {isa = PBXFileReference; explicitFileType = wrapper.cfbundle; includeInIndex = 0; path = MEMInstallerTests.xctest; sourceTree = BUILT_PRODUCTS_DIR; };
		523F71E32CDB323600D564E7 /* MEMInstallerTests.swift */ = {isa = PBXFileReference; lastKnownFileType = sourcecode.swift; path = MEMInstallerTests.swift; sourceTree = "<group>"; };
		523F71E92CDB323600D564E7 /* MEMInstallerUITests.xctest */ = {isa = PBXFileReference; explicitFileType = wrapper.cfbundle; includeInIndex = 0; path = MEMInstallerUITests.xctest; sourceTree = BUILT_PRODUCTS_DIR; };
		523F71ED2CDB323600D564E7 /* MEMInstallerUITests.swift */ = {isa = PBXFileReference; lastKnownFileType = sourcecode.swift; path = MEMInstallerUITests.swift; sourceTree = "<group>"; };
		523F71EF2CDB323600D564E7 /* MEMInstallerUITestsLaunchTests.swift */ = {isa = PBXFileReference; lastKnownFileType = sourcecode.swift; path = MEMInstallerUITestsLaunchTests.swift; sourceTree = "<group>"; };
		523F72042CDB352A00D564E7 /* Info.plist */ = {isa = PBXFileReference; lastKnownFileType = text.plist; path = Info.plist; sourceTree = "<group>"; };
		523F72072CDB355900D564E7 /* AppDelegate.swift */ = {isa = PBXFileReference; lastKnownFileType = sourcecode.swift; path = AppDelegate.swift; sourceTree = "<group>"; };
		523F72102CDB364B00D564E7 /* Localizable.strings */ = {isa = PBXFileReference; fileEncoding = 4; lastKnownFileType = text.plist.strings; path = Localizable.strings; sourceTree = "<group>"; };
		523F72122CDB365C00D564E7 /* LoginView.swift */ = {isa = PBXFileReference; lastKnownFileType = sourcecode.swift; path = LoginView.swift; sourceTree = "<group>"; };
		523F72142CDB368500D564E7 /* AppViewModel.swift */ = {isa = PBXFileReference; lastKnownFileType = sourcecode.swift; path = AppViewModel.swift; sourceTree = "<group>"; };
		523F721A2CDB37D000D564E7 /* HomeView.swift */ = {isa = PBXFileReference; lastKnownFileType = sourcecode.swift; path = HomeView.swift; sourceTree = "<group>"; };
		523F721C2CDB3C7C00D564E7 /* ZLogs.swift */ = {isa = PBXFileReference; lastKnownFileType = sourcecode.swift; path = ZLogs.swift; sourceTree = "<group>"; };
		523F721F2CDB4A6D00D564E7 /* KeychainServices.swift */ = {isa = PBXFileReference; lastKnownFileType = sourcecode.swift; path = KeychainServices.swift; sourceTree = "<group>"; };
		523F72222CDB4AB800D564E7 /* KeyChainKeys.swift */ = {isa = PBXFileReference; lastKnownFileType = sourcecode.swift; path = KeyChainKeys.swift; sourceTree = "<group>"; };
		523F72252CDB4EFC00D564E7 /* ZUserProfile.swift */ = {isa = PBXFileReference; lastKnownFileType = sourcecode.swift; path = ZUserProfile.swift; sourceTree = "<group>"; };
		523F72282CDB68B300D564E7 /* StyleManager.swift */ = {isa = PBXFileReference; lastKnownFileType = sourcecode.swift; path = StyleManager.swift; sourceTree = "<group>"; };
		523F722A2CDB68D500D564E7 /* Colors.swift */ = {isa = PBXFileReference; lastKnownFileType = sourcecode.swift; path = Colors.swift; sourceTree = "<group>"; };
		523F722C2CDB690000D564E7 /* UIColor+.swift */ = {isa = PBXFileReference; lastKnownFileType = sourcecode.swift; path = "UIColor+.swift"; sourceTree = "<group>"; };
		523F722F2CDB77EE00D564E7 /* ViewModifiers.swift */ = {isa = PBXFileReference; lastKnownFileType = sourcecode.swift; path = ViewModifiers.swift; sourceTree = "<group>"; };
		523F72312CDB780200D564E7 /* ViewModifiers+.swift */ = {isa = PBXFileReference; lastKnownFileType = sourcecode.swift; path = "ViewModifiers+.swift"; sourceTree = "<group>"; };
		523F72342CDB794700D564E7 /* HomeViewModel.swift */ = {isa = PBXFileReference; lastKnownFileType = sourcecode.swift; path = HomeViewModel.swift; sourceTree = "<group>"; };
		523F72362CDB7A9B00D564E7 /* LetterAvatar.swift */ = {isa = PBXFileReference; lastKnownFileType = sourcecode.swift; path = LetterAvatar.swift; sourceTree = "<group>"; };
		523F72382CDB8DDB00D564E7 /* UTType+.swift */ = {isa = PBXFileReference; lastKnownFileType = sourcecode.swift; path = "UTType+.swift"; sourceTree = "<group>"; };
		523F723A2CDB903100D564E7 /* PropertyListHandler.swift */ = {isa = PBXFileReference; lastKnownFileType = sourcecode.swift; path = PropertyListHandler.swift; sourceTree = "<group>"; };
		523F723C2CDB912A00D564E7 /* ZFFileManager.swift */ = {isa = PBXFileReference; lastKnownFileType = sourcecode.swift; path = ZFFileManager.swift; sourceTree = "<group>"; };
		523F723E2CDB915E00D564E7 /* ZError.swift */ = {isa = PBXFileReference; lastKnownFileType = sourcecode.swift; path = ZError.swift; sourceTree = "<group>"; };
		523F72412CDB9EE400D564E7 /* BundleProperties.swift */ = {isa = PBXFileReference; lastKnownFileType = sourcecode.swift; path = BundleProperties.swift; sourceTree = "<group>"; };
		523F72442CDBAD0400D564E7 /* AttachedFileDetailView.swift */ = {isa = PBXFileReference; lastKnownFileType = sourcecode.swift; path = AttachedFileDetailView.swift; sourceTree = "<group>"; };
		523F72462CDBAD3000D564E7 /* ActivityViewRepresentable.swift */ = {isa = PBXFileReference; lastKnownFileType = sourcecode.swift; path = ActivityViewRepresentable.swift; sourceTree = "<group>"; };
		523F72482CDBAD9D00D564E7 /* UIImage+.swift */ = {isa = PBXFileReference; lastKnownFileType = sourcecode.swift; path = "UIImage+.swift"; sourceTree = "<group>"; };
		5252A4022CF5FE28005DD9CC /* HorizontalKeyValueContainer.swift */ = {isa = PBXFileReference; lastKnownFileType = sourcecode.swift; path = HorizontalKeyValueContainer.swift; sourceTree = "<group>"; };
		5252A4082CF641CF005DD9CC /* NavigationProtocol.swift */ = {isa = PBXFileReference; lastKnownFileType = sourcecode.swift; path = NavigationProtocol.swift; sourceTree = "<group>"; };
		5252A40A2CF64272005DD9CC /* AppCoordinatorImpl.swift */ = {isa = PBXFileReference; lastKnownFileType = sourcecode.swift; path = AppCoordinatorImpl.swift; sourceTree = "<group>"; };
		5252A40D2CF64FCA005DD9CC /* ZSMultiThreading.swift */ = {isa = PBXFileReference; lastKnownFileType = sourcecode.swift; path = ZSMultiThreading.swift; sourceTree = "<group>"; };
		5252A40F2CF6DBD4005DD9CC /* NavigationEnums.swift */ = {isa = PBXFileReference; lastKnownFileType = sourcecode.swift; path = NavigationEnums.swift; sourceTree = "<group>"; };
		5252A4172CF704A2005DD9CC /* ViewBuilders.swift */ = {isa = PBXFileReference; lastKnownFileType = sourcecode.swift; path = ViewBuilders.swift; sourceTree = "<group>"; };
		5252A4192CF71DB2005DD9CC /* Decimal+.swift */ = {isa = PBXFileReference; lastKnownFileType = sourcecode.swift; path = "Decimal+.swift"; sourceTree = "<group>"; };
		525AD98E2CF4424600BF08AF /* Device.swift */ = {isa = PBXFileReference; lastKnownFileType = sourcecode.swift; path = Device.swift; sourceTree = "<group>"; };
		525AD9902CF446F500BF08AF /* Notification+.swift */ = {isa = PBXFileReference; lastKnownFileType = sourcecode.swift; path = "Notification+.swift"; sourceTree = "<group>"; };
		525AD9922CF5784900BF08AF /* MobileProvision.swift */ = {isa = PBXFileReference; lastKnownFileType = sourcecode.swift; path = MobileProvision.swift; sourceTree = "<group>"; };
		525AD9962CF5B86E00BF08AF /* RoundedRectangleOutlineView.swift */ = {isa = PBXFileReference; lastKnownFileType = sourcecode.swift; path = RoundedRectangleOutlineView.swift; sourceTree = "<group>"; };
		5270C5612CEC64C300C051CB /* PUT.swift */ = {isa = PBXFileReference; lastKnownFileType = sourcecode.swift; path = PUT.swift; sourceTree = "<group>"; };
		5270C56A2CEDECFB00C051CB /* PresentLogoutView.swift */ = {isa = PBXFileReference; lastKnownFileType = sourcecode.swift; path = PresentLogoutView.swift; sourceTree = "<group>"; };
		5270C5702CEDEF0500C051CB /* Bundle+.swift */ = {isa = PBXFileReference; lastKnownFileType = sourcecode.swift; path = "Bundle+.swift"; sourceTree = "<group>"; };
		529A4D1A2CF9774D00E2EDB7 /* UIScreen+.swift */ = {isa = PBXFileReference; lastKnownFileType = sourcecode.swift; path = "UIScreen+.swift"; sourceTree = "<group>"; };
		529E6FE92CFCDA45002AB497 /* Array+.swift */ = {isa = PBXFileReference; lastKnownFileType = sourcecode.swift; path = "Array+.swift"; sourceTree = "<group>"; };
		52A77EF42CF9F5830064A063 /* UserProfileButtonView.swift */ = {isa = PBXFileReference; lastKnownFileType = sourcecode.swift; path = UserProfileButtonView.swift; sourceTree = "<group>"; };
		52B095182CEEF46D00D0D383 /* EnvironmentKey+.swift */ = {isa = PBXFileReference; lastKnownFileType = sourcecode.swift; path = "EnvironmentKey+.swift"; sourceTree = "<group>"; };
		52B7D08D2D001FFC0095707B /* SettingPrivacyView.swift */ = {isa = PBXFileReference; lastKnownFileType = sourcecode.swift; path = SettingPrivacyView.swift; sourceTree = "<group>"; };
		52B7D08F2D00219A0095707B /* ProcessInfo+.swift */ = {isa = PBXFileReference; lastKnownFileType = sourcecode.swift; path = "ProcessInfo+.swift"; sourceTree = "<group>"; };
		52BCCCAE2CF7884500D49186 /* AboutView.swift */ = {isa = PBXFileReference; lastKnownFileType = sourcecode.swift; path = AboutView.swift; sourceTree = "<group>"; };
		52BCCCB02CF7886100D49186 /* UserProfileImageView.swift */ = {isa = PBXFileReference; lastKnownFileType = sourcecode.swift; path = UserProfileImageView.swift; sourceTree = "<group>"; };
		52BCCCB82CF8D2E700D49186 /* UploadComponents.swift */ = {isa = PBXFileReference; lastKnownFileType = sourcecode.swift; path = UploadComponents.swift; sourceTree = "<group>"; };
		52BCCCBA2CF8EC8600D49186 /* Constants.swift */ = {isa = PBXFileReference; lastKnownFileType = sourcecode.swift; path = Constants.swift; sourceTree = "<group>"; };
		52D0B5532CEB3D6C00214F41 /* String+.swift */ = {isa = PBXFileReference; lastKnownFileType = sourcecode.swift; path = "String+.swift"; sourceTree = "<group>"; };
		52D0B5572CEB730400214F41 /* DownloadService.swift */ = {isa = PBXFileReference; lastKnownFileType = sourcecode.swift; path = DownloadService.swift; sourceTree = "<group>"; };
		52E109D72CE6287B002D1EDD /* WindowAccessor.swift */ = {isa = PBXFileReference; lastKnownFileType = sourcecode.swift; path = WindowAccessor.swift; sourceTree = "<group>"; };
		52E109E02CE67994002D1EDD /* EmptyBucketView.swift */ = {isa = PBXFileReference; lastKnownFileType = sourcecode.swift; path = EmptyBucketView.swift; sourceTree = "<group>"; };
		52E109E42CE67A2B002D1EDD /* Launch Screen.storyboard */ = {isa = PBXFileReference; lastKnownFileType = file.storyboard; path = "Launch Screen.storyboard"; sourceTree = "<group>"; };
		52E109E62CE70671002D1EDD /* View+.swift */ = {isa = PBXFileReference; lastKnownFileType = sourcecode.swift; path = "View+.swift"; sourceTree = "<group>"; };
		52E109E82CE70725002D1EDD /* Color+.swift */ = {isa = PBXFileReference; lastKnownFileType = sourcecode.swift; path = "Color+.swift"; sourceTree = "<group>"; };
		52E109EA2CE70A7F002D1EDD /* UIViewController+.swift */ = {isa = PBXFileReference; lastKnownFileType = sourcecode.swift; path = "UIViewController+.swift"; sourceTree = "<group>"; };
		52E109EC2CE75C18002D1EDD /* BucketObjectModel.swift */ = {isa = PBXFileReference; lastKnownFileType = sourcecode.swift; path = BucketObjectModel.swift; sourceTree = "<group>"; };
		52E109F12CE7BCE0002D1EDD /* PackageExtractionHandler.swift */ = {isa = PBXFileReference; lastKnownFileType = sourcecode.swift; path = PackageExtractionHandler.swift; sourceTree = "<group>"; };
		52F393A52CE47ABD00C9B23C /* UserManagerProtocol.swift */ = {isa = PBXFileReference; lastKnownFileType = sourcecode.swift; path = UserManagerProtocol.swift; sourceTree = "<group>"; };
		52F393A72CE47AFF00C9B23C /* UserDataManager.swift */ = {isa = PBXFileReference; lastKnownFileType = sourcecode.swift; path = UserDataManager.swift; sourceTree = "<group>"; };
		52F393B22CE5202D00C9B23C /* ConnectionStatus.swift */ = {isa = PBXFileReference; lastKnownFileType = sourcecode.swift; path = ConnectionStatus.swift; sourceTree = "<group>"; };
		52F393B42CE520A800C9B23C /* ZAPIStrings.swift */ = {isa = PBXFileReference; lastKnownFileType = sourcecode.swift; path = ZAPIStrings.swift; sourceTree = "<group>"; };
		52F393B62CE5D0AA00C9B23C /* GET.swift */ = {isa = PBXFileReference; lastKnownFileType = sourcecode.swift; path = GET.swift; sourceTree = "<group>"; };
		52F393B82CE5D15F00C9B23C /* NetworkRequestProtocol.swift */ = {isa = PBXFileReference; lastKnownFileType = sourcecode.swift; path = NetworkRequestProtocol.swift; sourceTree = "<group>"; };
		52F393BA2CE5D9D000C9B23C /* PATCH.swift */ = {isa = PBXFileReference; lastKnownFileType = sourcecode.swift; path = PATCH.swift; sourceTree = "<group>"; };
		52F393BC2CE5D9EE00C9B23C /* TokenProviderProtocol.swift */ = {isa = PBXFileReference; lastKnownFileType = sourcecode.swift; path = TokenProviderProtocol.swift; sourceTree = "<group>"; };
		52F393BF2CE5DBF000C9B23C /* StratusRepository.swift */ = {isa = PBXFileReference; lastKnownFileType = sourcecode.swift; path = StratusRepository.swift; sourceTree = "<group>"; };
		52F393C22CE5DC6C00C9B23C /* BucketModel.swift */ = {isa = PBXFileReference; lastKnownFileType = sourcecode.swift; path = BucketModel.swift; sourceTree = "<group>"; };
		52F393C42CE5DCAD00C9B23C /* DataModel.swift */ = {isa = PBXFileReference; lastKnownFileType = sourcecode.swift; path = DataModel.swift; sourceTree = "<group>"; };
		52F393C62CE5DEE700C9B23C /* StratusRepositoryImpl.swift */ = {isa = PBXFileReference; lastKnownFileType = sourcecode.swift; path = StratusRepositoryImpl.swift; sourceTree = "<group>"; };
		52F393C92CE5EA3C00C9B23C /* HorizontalCircularViewStyle.swift */ = {isa = PBXFileReference; lastKnownFileType = sourcecode.swift; path = HorizontalCircularViewStyle.swift; sourceTree = "<group>"; };
		52F6EA602D0721C300ACA676 /* AppPackageProcessor.swift */ = {isa = PBXFileReference; lastKnownFileType = sourcecode.swift; path = AppPackageProcessor.swift; sourceTree = "<group>"; };
		52F6EA622D081AC300ACA676 /* PackageExtractionModel.swift */ = {isa = PBXFileReference; lastKnownFileType = sourcecode.swift; path = PackageExtractionModel.swift; sourceTree = "<group>"; };
		5748362C25EFD1E552A2E6D5 /* Pods-MEMInstaller-MEMInstallerUITests.release.xcconfig */ = {isa = PBXFileReference; includeInIndex = 1; lastKnownFileType = text.xcconfig; name = "Pods-MEMInstaller-MEMInstallerUITests.release.xcconfig"; path = "Target Support Files/Pods-MEMInstaller-MEMInstallerUITests/Pods-MEMInstaller-MEMInstallerUITests.release.xcconfig"; sourceTree = "<group>"; };
		5C6B37B5A17A963E0B94C925 /* Pods-MEMInstallerTests.release.xcconfig */ = {isa = PBXFileReference; includeInIndex = 1; lastKnownFileType = text.xcconfig; name = "Pods-MEMInstallerTests.release.xcconfig"; path = "Target Support Files/Pods-MEMInstallerTests/Pods-MEMInstallerTests.release.xcconfig"; sourceTree = "<group>"; };
		7E33D6725BADDB39D37423CA /* Pods_MEMInstaller.framework */ = {isa = PBXFileReference; explicitFileType = wrapper.framework; includeInIndex = 0; path = Pods_MEMInstaller.framework; sourceTree = BUILT_PRODUCTS_DIR; };
		925B03E647F354E86B8647A5 /* Pods-MEMInstaller-MEMInstallerUITests.debug.xcconfig */ = {isa = PBXFileReference; includeInIndex = 1; lastKnownFileType = text.xcconfig; name = "Pods-MEMInstaller-MEMInstallerUITests.debug.xcconfig"; path = "Target Support Files/Pods-MEMInstaller-MEMInstallerUITests/Pods-MEMInstaller-MEMInstallerUITests.debug.xcconfig"; sourceTree = "<group>"; };
		B2E5E44D5E1DF64C98441A68 /* Pods-MEMInstallerTests.debug.xcconfig */ = {isa = PBXFileReference; includeInIndex = 1; lastKnownFileType = text.xcconfig; name = "Pods-MEMInstallerTests.debug.xcconfig"; path = "Target Support Files/Pods-MEMInstallerTests/Pods-MEMInstallerTests.debug.xcconfig"; sourceTree = "<group>"; };
		BE7969925491144E67C412EF /* Pods-MEMInstaller.debug.xcconfig */ = {isa = PBXFileReference; includeInIndex = 1; lastKnownFileType = text.xcconfig; name = "Pods-MEMInstaller.debug.xcconfig"; path = "Target Support Files/Pods-MEMInstaller/Pods-MEMInstaller.debug.xcconfig"; sourceTree = "<group>"; };
		DDE3F17ED75C383F614AD29E /* Pods-MEMInstaller.release.xcconfig */ = {isa = PBXFileReference; includeInIndex = 1; lastKnownFileType = text.xcconfig; name = "Pods-MEMInstaller.release.xcconfig"; path = "Target Support Files/Pods-MEMInstaller/Pods-MEMInstaller.release.xcconfig"; sourceTree = "<group>"; };
		FB9327342D097D191A35EF33 /* Pods_MEMInstallerTests.framework */ = {isa = PBXFileReference; explicitFileType = wrapper.framework; includeInIndex = 0; path = Pods_MEMInstallerTests.framework; sourceTree = BUILT_PRODUCTS_DIR; };
/* End PBXFileReference section */

/* Begin PBXFrameworksBuildPhase section */
		523F71CC2CDB323100D564E7 /* Frameworks */ = {
			isa = PBXFrameworksBuildPhase;
			buildActionMask = 2147483647;
			files = (
				DECBCDD5C8E53368D8C4DCCC /* Pods_MEMInstaller.framework in Frameworks */,
			);
			runOnlyForDeploymentPostprocessing = 0;
		};
		523F71DC2CDB323600D564E7 /* Frameworks */ = {
			isa = PBXFrameworksBuildPhase;
			buildActionMask = 2147483647;
			files = (
				6E3D27AADF1F079DA4CBBB12 /* Pods_MEMInstallerTests.framework in Frameworks */,
			);
			runOnlyForDeploymentPostprocessing = 0;
		};
		523F71E62CDB323600D564E7 /* Frameworks */ = {
			isa = PBXFrameworksBuildPhase;
			buildActionMask = 2147483647;
			files = (
				D274DE099541BB3B55AE12EB /* Pods_MEMInstaller_MEMInstallerUITests.framework in Frameworks */,
			);
			runOnlyForDeploymentPostprocessing = 0;
		};
/* End PBXFrameworksBuildPhase section */

/* Begin PBXGroup section */
		5200722E2CF72BA70080D8E8 /* ZFFileManager */ = {
			isa = PBXGroup;
			children = (
				523F723C2CDB912A00D564E7 /* ZFFileManager.swift */,
				5200722F2CF72BB80080D8E8 /* ZFFileProtocol.swift */,
			);
			path = ZFFileManager;
			sourceTree = "<group>";
		};
		520072312CF77EC20080D8E8 /* Settings */ = {
			isa = PBXGroup;
			children = (
				520072322CF77EC90080D8E8 /* View */,
			);
			path = Settings;
			sourceTree = "<group>";
		};
		520072322CF77EC90080D8E8 /* View */ = {
			isa = PBXGroup;
			children = (
				520072332CF77ED40080D8E8 /* SettingsView.swift */,
				5270C56A2CEDECFB00C051CB /* PresentLogoutView.swift */,
				52BCCCAE2CF7884500D49186 /* AboutView.swift */,
				52BCCCB02CF7886100D49186 /* UserProfileImageView.swift */,
				52B7D08D2D001FFC0095707B /* SettingPrivacyView.swift */,
			);
			path = View;
			sourceTree = "<group>";
		};
		520732EF2CE383A700659A66 /* ZIAMManager */ = {
			isa = PBXGroup;
			children = (
				520732F02CE383C100659A66 /* ZIAMManager.swift */,
			);
			path = ZIAMManager;
			sourceTree = "<group>";
		};
		520732F22CE3850700659A66 /* UserDefaults */ = {
			isa = PBXGroup;
			children = (
				520732F32CE3851600659A66 /* UserDefaultsKey.swift */,
			);
			path = UserDefaults;
			sourceTree = "<group>";
		};
		522C7F612D0194210032F25E /* ViewModel */ = {
			isa = PBXGroup;
			children = (
				522C7F622D01942D0032F25E /* AttachedFileDetailViewModel.swift */,
			);
			path = ViewModel;
			sourceTree = "<group>";
		};
		523F71C62CDB323100D564E7 = {
			isa = PBXGroup;
			children = (
				523F71D12CDB323100D564E7 /* MEMInstaller */,
				523F71E22CDB323600D564E7 /* MEMInstallerTests */,
				523F71EC2CDB323600D564E7 /* MEMInstallerUITests */,
				523F71D02CDB323100D564E7 /* Products */,
				63C14815E44A56E560AE192A /* Pods */,
				D25DADD17EA49D7BD0621636 /* Frameworks */,
			);
			sourceTree = "<group>";
		};
		523F71D02CDB323100D564E7 /* Products */ = {
			isa = PBXGroup;
			children = (
				523F71CF2CDB323100D564E7 /* MEMInstaller.app */,
				523F71DF2CDB323600D564E7 /* MEMInstallerTests.xctest */,
				523F71E92CDB323600D564E7 /* MEMInstallerUITests.xctest */,
			);
			name = Products;
			sourceTree = "<group>";
		};
		523F71D12CDB323100D564E7 /* MEMInstaller */ = {
			isa = PBXGroup;
			children = (
				5252A4072CF64193005DD9CC /* Coordinator */,
				523F71D82CDB323600D564E7 /* Preview Content */,
				523F72002CDB33E100D564E7 /* Services */,
				523F71FF2CDB33D600D564E7 /* Networking */,
				523F71FE2CDB33C800D564E7 /* Utilities */,
				523F71FD2CDB33C200D564E7 /* Resources */,
				523F71FC2CDB33BA00D564E7 /* Features */,
				523F71D22CDB323100D564E7 /* MEMInstallerApp.swift */,
				523F71D42CDB323100D564E7 /* ContentView.swift */,
				523F72072CDB355900D564E7 /* AppDelegate.swift */,
				523F72142CDB368500D564E7 /* AppViewModel.swift */,
				52F393A52CE47ABD00C9B23C /* UserManagerProtocol.swift */,
				52F393A72CE47AFF00C9B23C /* UserDataManager.swift */,
				523F72042CDB352A00D564E7 /* Info.plist */,
				52E109E42CE67A2B002D1EDD /* Launch Screen.storyboard */,
			);
			path = MEMInstaller;
			sourceTree = "<group>";
		};
		523F71D82CDB323600D564E7 /* Preview Content */ = {
			isa = PBXGroup;
			children = (
				523F71D92CDB323600D564E7 /* Preview Assets.xcassets */,
			);
			path = "Preview Content";
			sourceTree = "<group>";
		};
		523F71E22CDB323600D564E7 /* MEMInstallerTests */ = {
			isa = PBXGroup;
			children = (
				523F71E32CDB323600D564E7 /* MEMInstallerTests.swift */,
			);
			path = MEMInstallerTests;
			sourceTree = "<group>";
		};
		523F71EC2CDB323600D564E7 /* MEMInstallerUITests */ = {
			isa = PBXGroup;
			children = (
				523F71ED2CDB323600D564E7 /* MEMInstallerUITests.swift */,
				523F71EF2CDB323600D564E7 /* MEMInstallerUITestsLaunchTests.swift */,
			);
			path = MEMInstallerUITests;
			sourceTree = "<group>";
		};
		523F71FC2CDB33BA00D564E7 /* Features */ = {
			isa = PBXGroup;
			children = (
				520072312CF77EC20080D8E8 /* Settings */,
				525AD9942CF5B83B00BF08AF /* Attachment */,
				523F72032CDB34C100D564E7 /* Login */,
				523F72022CDB34BD00D564E7 /* Home */,
			);
			path = Features;
			sourceTree = "<group>";
		};
		523F71FD2CDB33C200D564E7 /* Resources */ = {
			isa = PBXGroup;
			children = (
				523F72102CDB364B00D564E7 /* Localizable.strings */,
				523F71D62CDB323600D564E7 /* Assets.xcassets */,
			);
			path = Resources;
			sourceTree = "<group>";
		};
		523F71FE2CDB33C800D564E7 /* Utilities */ = {
			isa = PBXGroup;
			children = (
				5200722E2CF72BA70080D8E8 /* ZFFileManager */,
				52F393C82CE5EA2900C9B23C /* CustomViews */,
				523F722E2CDB77E100D564E7 /* ViewModifiers */,
				523F72272CDB689F00D564E7 /* Theme */,
				523F72012CDB347500D564E7 /* Extensions */,
				523F721C2CDB3C7C00D564E7 /* ZLogs.swift */,
				523F72362CDB7A9B00D564E7 /* LetterAvatar.swift */,
				523F723A2CDB903100D564E7 /* PropertyListHandler.swift */,
				523F723E2CDB915E00D564E7 /* ZError.swift */,
				523F72462CDBAD3000D564E7 /* ActivityViewRepresentable.swift */,
				52E109D72CE6287B002D1EDD /* WindowAccessor.swift */,
				525AD98E2CF4424600BF08AF /* Device.swift */,
				5252A40D2CF64FCA005DD9CC /* ZSMultiThreading.swift */,
				5252A4172CF704A2005DD9CC /* ViewBuilders.swift */,
				52BCCCBA2CF8EC8600D49186 /* Constants.swift */,
			);
			path = Utilities;
			sourceTree = "<group>";
		};
		523F71FF2CDB33D600D564E7 /* Networking */ = {
			isa = PBXGroup;
			children = (
				5270C5632CEC64D000C051CB /* CRUD */,
				52F393C12CE5DC4E00C9B23C /* Models */,
				52F393BE2CE5DBBB00C9B23C /* Repository */,
				52F393B22CE5202D00C9B23C /* ConnectionStatus.swift */,
				52F393B42CE520A800C9B23C /* ZAPIStrings.swift */,
				52F393B82CE5D15F00C9B23C /* NetworkRequestProtocol.swift */,
				52F393BC2CE5D9EE00C9B23C /* TokenProviderProtocol.swift */,
			);
			path = Networking;
			sourceTree = "<group>";
		};
		523F72002CDB33E100D564E7 /* Services */ = {
			isa = PBXGroup;
			children = (
				520732F22CE3850700659A66 /* UserDefaults */,
				520732EF2CE383A700659A66 /* ZIAMManager */,
				523F721E2CDB4A5700D564E7 /* Keychain */,
			);
			path = Services;
			sourceTree = "<group>";
		};
		523F72012CDB347500D564E7 /* Extensions */ = {
			isa = PBXGroup;
			children = (
				523F722C2CDB690000D564E7 /* UIColor+.swift */,
				523F72382CDB8DDB00D564E7 /* UTType+.swift */,
				523F72482CDBAD9D00D564E7 /* UIImage+.swift */,
				52E109E62CE70671002D1EDD /* View+.swift */,
				52E109E82CE70725002D1EDD /* Color+.swift */,
				52E109EA2CE70A7F002D1EDD /* UIViewController+.swift */,
				52D0B5532CEB3D6C00214F41 /* String+.swift */,
				5270C5702CEDEF0500C051CB /* Bundle+.swift */,
				52B095182CEEF46D00D0D383 /* EnvironmentKey+.swift */,
				525AD9902CF446F500BF08AF /* Notification+.swift */,
				5252A4192CF71DB2005DD9CC /* Decimal+.swift */,
				529A4D1A2CF9774D00E2EDB7 /* UIScreen+.swift */,
				529E6FE92CFCDA45002AB497 /* Array+.swift */,
				52B7D08F2D00219A0095707B /* ProcessInfo+.swift */,
			);
			path = Extensions;
			sourceTree = "<group>";
		};
		523F72022CDB34BD00D564E7 /* Home */ = {
			isa = PBXGroup;
			children = (
				523F72402CDB9EDD00D564E7 /* Model */,
				523F72332CDB793F00D564E7 /* ViewModel */,
				523F72052CDB354400D564E7 /* View */,
			);
			path = Home;
			sourceTree = "<group>";
		};
		523F72032CDB34C100D564E7 /* Login */ = {
			isa = PBXGroup;
			children = (
				523F72242CDB4ED800D564E7 /* Model */,
				523F72062CDB354D00D564E7 /* View */,
			);
			path = Login;
			sourceTree = "<group>";
		};
		523F72052CDB354400D564E7 /* View */ = {
			isa = PBXGroup;
			children = (
				523F721A2CDB37D000D564E7 /* HomeView.swift */,
				521648062CFD6BE800D599E2 /* HomeSidebarView.swift */,
				52A77EF42CF9F5830064A063 /* UserProfileButtonView.swift */,
				52E109E02CE67994002D1EDD /* EmptyBucketView.swift */,
				5216480A2CFD7A8700D599E2 /* HomeSideBarAppLabel.swift */,
			);
			path = View;
			sourceTree = "<group>";
		};
		523F72062CDB354D00D564E7 /* View */ = {
			isa = PBXGroup;
			children = (
				523F72122CDB365C00D564E7 /* LoginView.swift */,
			);
			path = View;
			sourceTree = "<group>";
		};
		523F721E2CDB4A5700D564E7 /* Keychain */ = {
			isa = PBXGroup;
			children = (
				523F721F2CDB4A6D00D564E7 /* KeychainServices.swift */,
				523F72222CDB4AB800D564E7 /* KeyChainKeys.swift */,
			);
			path = Keychain;
			sourceTree = "<group>";
		};
		523F72242CDB4ED800D564E7 /* Model */ = {
			isa = PBXGroup;
			children = (
				523F72252CDB4EFC00D564E7 /* ZUserProfile.swift */,
			);
			path = Model;
			sourceTree = "<group>";
		};
		523F72272CDB689F00D564E7 /* Theme */ = {
			isa = PBXGroup;
			children = (
				523F72282CDB68B300D564E7 /* StyleManager.swift */,
				523F722A2CDB68D500D564E7 /* Colors.swift */,
			);
			path = Theme;
			sourceTree = "<group>";
		};
		523F722E2CDB77E100D564E7 /* ViewModifiers */ = {
			isa = PBXGroup;
			children = (
				523F722F2CDB77EE00D564E7 /* ViewModifiers.swift */,
				523F72312CDB780200D564E7 /* ViewModifiers+.swift */,
			);
			path = ViewModifiers;
			sourceTree = "<group>";
		};
		523F72332CDB793F00D564E7 /* ViewModel */ = {
			isa = PBXGroup;
			children = (
				523F72342CDB794700D564E7 /* HomeViewModel.swift */,
				52E109F12CE7BCE0002D1EDD /* PackageExtractionHandler.swift */,
				52BCCCB82CF8D2E700D49186 /* UploadComponents.swift */,
				5216480E2CFD976500D599E2 /* StateManagementEnums.swift */,
				52F6EA602D0721C300ACA676 /* AppPackageProcessor.swift */,
			);
			path = ViewModel;
			sourceTree = "<group>";
		};
		523F72402CDB9EDD00D564E7 /* Model */ = {
			isa = PBXGroup;
			children = (
				523F72412CDB9EE400D564E7 /* BundleProperties.swift */,
				525AD9922CF5784900BF08AF /* MobileProvision.swift */,
				52F6EA622D081AC300ACA676 /* PackageExtractionModel.swift */,
			);
			path = Model;
			sourceTree = "<group>";
		};
		5252A4072CF64193005DD9CC /* Coordinator */ = {
			isa = PBXGroup;
			children = (
				5252A4082CF641CF005DD9CC /* NavigationProtocol.swift */,
				5252A40A2CF64272005DD9CC /* AppCoordinatorImpl.swift */,
				5252A40F2CF6DBD4005DD9CC /* NavigationEnums.swift */,
			);
			path = Coordinator;
			sourceTree = "<group>";
		};
		525AD9942CF5B83B00BF08AF /* Attachment */ = {
			isa = PBXGroup;
			children = (
				522C7F612D0194210032F25E /* ViewModel */,
				525AD9952CF5B85600BF08AF /* View */,
			);
			path = Attachment;
			sourceTree = "<group>";
		};
		525AD9952CF5B85600BF08AF /* View */ = {
			isa = PBXGroup;
			children = (
				523F72442CDBAD0400D564E7 /* AttachedFileDetailView.swift */,
				525AD9962CF5B86E00BF08AF /* RoundedRectangleOutlineView.swift */,
				5252A4022CF5FE28005DD9CC /* HorizontalKeyValueContainer.swift */,
			);
			path = View;
			sourceTree = "<group>";
		};
		5270C5632CEC64D000C051CB /* CRUD */ = {
			isa = PBXGroup;
			children = (
				52F393B62CE5D0AA00C9B23C /* GET.swift */,
				52F393BA2CE5D9D000C9B23C /* PATCH.swift */,
				52D0B5572CEB730400214F41 /* DownloadService.swift */,
				5270C5612CEC64C300C051CB /* PUT.swift */,
			);
			path = CRUD;
			sourceTree = "<group>";
		};
		52F393BE2CE5DBBB00C9B23C /* Repository */ = {
			isa = PBXGroup;
			children = (
				52F393BF2CE5DBF000C9B23C /* StratusRepository.swift */,
				52F393C62CE5DEE700C9B23C /* StratusRepositoryImpl.swift */,
			);
			path = Repository;
			sourceTree = "<group>";
		};
		52F393C12CE5DC4E00C9B23C /* Models */ = {
			isa = PBXGroup;
			children = (
				52F393C22CE5DC6C00C9B23C /* BucketModel.swift */,
				52F393C42CE5DCAD00C9B23C /* DataModel.swift */,
				52E109EC2CE75C18002D1EDD /* BucketObjectModel.swift */,
			);
			path = Models;
			sourceTree = "<group>";
		};
		52F393C82CE5EA2900C9B23C /* CustomViews */ = {
			isa = PBXGroup;
			children = (
				52F393C92CE5EA3C00C9B23C /* HorizontalCircularViewStyle.swift */,
				521648102CFD98D700D599E2 /* HorizontalLoadingWrapper.swift */,
				522C7F642D02E6620032F25E /* CopyInstallationLinkView.swift */,
			);
			path = CustomViews;
			sourceTree = "<group>";
		};
		63C14815E44A56E560AE192A /* Pods */ = {
			isa = PBXGroup;
			children = (
				BE7969925491144E67C412EF /* Pods-MEMInstaller.debug.xcconfig */,
				DDE3F17ED75C383F614AD29E /* Pods-MEMInstaller.release.xcconfig */,
				925B03E647F354E86B8647A5 /* Pods-MEMInstaller-MEMInstallerUITests.debug.xcconfig */,
				5748362C25EFD1E552A2E6D5 /* Pods-MEMInstaller-MEMInstallerUITests.release.xcconfig */,
				B2E5E44D5E1DF64C98441A68 /* Pods-MEMInstallerTests.debug.xcconfig */,
				5C6B37B5A17A963E0B94C925 /* Pods-MEMInstallerTests.release.xcconfig */,
			);
			path = Pods;
			sourceTree = "<group>";
		};
		D25DADD17EA49D7BD0621636 /* Frameworks */ = {
			isa = PBXGroup;
			children = (
				7E33D6725BADDB39D37423CA /* Pods_MEMInstaller.framework */,
				0424D3F1459B5F266A470349 /* Pods_MEMInstaller_MEMInstallerUITests.framework */,
				FB9327342D097D191A35EF33 /* Pods_MEMInstallerTests.framework */,
			);
			name = Frameworks;
			sourceTree = "<group>";
		};
/* End PBXGroup section */

/* Begin PBXNativeTarget section */
		523F71CE2CDB323100D564E7 /* MEMInstaller */ = {
			isa = PBXNativeTarget;
			buildConfigurationList = 523F71F32CDB323600D564E7 /* Build configuration list for PBXNativeTarget "MEMInstaller" */;
			buildPhases = (
				AF0ABF15D202558D61610F1E /* [CP] Check Pods Manifest.lock */,
				523F71CB2CDB323100D564E7 /* Sources */,
				523F71CC2CDB323100D564E7 /* Frameworks */,
				523F71CD2CDB323100D564E7 /* Resources */,
				1D6C3FA0B1A1E6C14813BEA1 /* [CP] Embed Pods Frameworks */,
			);
			buildRules = (
			);
			dependencies = (
			);
			name = MEMInstaller;
			productName = MEMInstaller;
			productReference = 523F71CF2CDB323100D564E7 /* MEMInstaller.app */;
			productType = "com.apple.product-type.application";
		};
		523F71DE2CDB323600D564E7 /* MEMInstallerTests */ = {
			isa = PBXNativeTarget;
			buildConfigurationList = 523F71F62CDB323600D564E7 /* Build configuration list for PBXNativeTarget "MEMInstallerTests" */;
			buildPhases = (
				075579FD24D7A1CE3DAE7638 /* [CP] Check Pods Manifest.lock */,
				523F71DB2CDB323600D564E7 /* Sources */,
				523F71DC2CDB323600D564E7 /* Frameworks */,
				523F71DD2CDB323600D564E7 /* Resources */,
			);
			buildRules = (
			);
			dependencies = (
				523F71E12CDB323600D564E7 /* PBXTargetDependency */,
			);
			name = MEMInstallerTests;
			productName = MEMInstallerTests;
			productReference = 523F71DF2CDB323600D564E7 /* MEMInstallerTests.xctest */;
			productType = "com.apple.product-type.bundle.unit-test";
		};
		523F71E82CDB323600D564E7 /* MEMInstallerUITests */ = {
			isa = PBXNativeTarget;
			buildConfigurationList = 523F71F92CDB323600D564E7 /* Build configuration list for PBXNativeTarget "MEMInstallerUITests" */;
			buildPhases = (
				CFE951488BAE8A7C4AB02FF4 /* [CP] Check Pods Manifest.lock */,
				523F71E52CDB323600D564E7 /* Sources */,
				523F71E62CDB323600D564E7 /* Frameworks */,
				523F71E72CDB323600D564E7 /* Resources */,
				AE0F05D50424C49C66F22FB8 /* [CP] Embed Pods Frameworks */,
			);
			buildRules = (
			);
			dependencies = (
				523F71EB2CDB323600D564E7 /* PBXTargetDependency */,
			);
			name = MEMInstallerUITests;
			productName = MEMInstallerUITests;
			productReference = 523F71E92CDB323600D564E7 /* MEMInstallerUITests.xctest */;
			productType = "com.apple.product-type.bundle.ui-testing";
		};
/* End PBXNativeTarget section */

/* Begin PBXProject section */
		523F71C72CDB323100D564E7 /* Project object */ = {
			isa = PBXProject;
			attributes = {
				BuildIndependentTargetsInParallel = 1;
				LastSwiftUpdateCheck = 1540;
				LastUpgradeCheck = 1540;
				TargetAttributes = {
					523F71CE2CDB323100D564E7 = {
						CreatedOnToolsVersion = 15.4;
					};
					523F71DE2CDB323600D564E7 = {
						CreatedOnToolsVersion = 15.4;
						TestTargetID = 523F71CE2CDB323100D564E7;
					};
					523F71E82CDB323600D564E7 = {
						CreatedOnToolsVersion = 15.4;
						TestTargetID = 523F71CE2CDB323100D564E7;
					};
				};
			};
			buildConfigurationList = 523F71CA2CDB323100D564E7 /* Build configuration list for PBXProject "MEMInstaller" */;
			compatibilityVersion = "Xcode 14.0";
			developmentRegion = en;
			hasScannedForEncodings = 0;
			knownRegions = (
				en,
				Base,
			);
			mainGroup = 523F71C62CDB323100D564E7;
			productRefGroup = 523F71D02CDB323100D564E7 /* Products */;
			projectDirPath = "";
			projectRoot = "";
			targets = (
				523F71CE2CDB323100D564E7 /* MEMInstaller */,
				523F71DE2CDB323600D564E7 /* MEMInstallerTests */,
				523F71E82CDB323600D564E7 /* MEMInstallerUITests */,
			);
		};
/* End PBXProject section */

/* Begin PBXResourcesBuildPhase section */
		523F71CD2CDB323100D564E7 /* Resources */ = {
			isa = PBXResourcesBuildPhase;
			buildActionMask = 2147483647;
			files = (
				523F72112CDB364B00D564E7 /* Localizable.strings in Resources */,
				523F71DA2CDB323600D564E7 /* Preview Assets.xcassets in Resources */,
				52E109E52CE67A2B002D1EDD /* Launch Screen.storyboard in Resources */,
				523F71D72CDB323600D564E7 /* Assets.xcassets in Resources */,
			);
			runOnlyForDeploymentPostprocessing = 0;
		};
		523F71DD2CDB323600D564E7 /* Resources */ = {
			isa = PBXResourcesBuildPhase;
			buildActionMask = 2147483647;
			files = (
			);
			runOnlyForDeploymentPostprocessing = 0;
		};
		523F71E72CDB323600D564E7 /* Resources */ = {
			isa = PBXResourcesBuildPhase;
			buildActionMask = 2147483647;
			files = (
			);
			runOnlyForDeploymentPostprocessing = 0;
		};
/* End PBXResourcesBuildPhase section */

/* Begin PBXShellScriptBuildPhase section */
		075579FD24D7A1CE3DAE7638 /* [CP] Check Pods Manifest.lock */ = {
			isa = PBXShellScriptBuildPhase;
			buildActionMask = 2147483647;
			files = (
			);
			inputFileListPaths = (
			);
			inputPaths = (
				"${PODS_PODFILE_DIR_PATH}/Podfile.lock",
				"${PODS_ROOT}/Manifest.lock",
			);
			name = "[CP] Check Pods Manifest.lock";
			outputFileListPaths = (
			);
			outputPaths = (
				"$(DERIVED_FILE_DIR)/Pods-MEMInstallerTests-checkManifestLockResult.txt",
			);
			runOnlyForDeploymentPostprocessing = 0;
			shellPath = /bin/sh;
			shellScript = "diff \"${PODS_PODFILE_DIR_PATH}/Podfile.lock\" \"${PODS_ROOT}/Manifest.lock\" > /dev/null\nif [ $? != 0 ] ; then\n    # print error to STDERR\n    echo \"error: The sandbox is not in sync with the Podfile.lock. Run 'pod install' or update your CocoaPods installation.\" >&2\n    exit 1\nfi\n# This output is used by Xcode 'outputs' to avoid re-running this script phase.\necho \"SUCCESS\" > \"${SCRIPT_OUTPUT_FILE_0}\"\n";
			showEnvVarsInLog = 0;
		};
		1D6C3FA0B1A1E6C14813BEA1 /* [CP] Embed Pods Frameworks */ = {
			isa = PBXShellScriptBuildPhase;
			buildActionMask = 2147483647;
			files = (
			);
			inputFileListPaths = (
				"${PODS_ROOT}/Target Support Files/Pods-MEMInstaller/Pods-MEMInstaller-frameworks-${CONFIGURATION}-input-files.xcfilelist",
			);
			name = "[CP] Embed Pods Frameworks";
			outputFileListPaths = (
				"${PODS_ROOT}/Target Support Files/Pods-MEMInstaller/Pods-MEMInstaller-frameworks-${CONFIGURATION}-output-files.xcfilelist",
			);
			runOnlyForDeploymentPostprocessing = 0;
			shellPath = /bin/sh;
			shellScript = "\"${PODS_ROOT}/Target Support Files/Pods-MEMInstaller/Pods-MEMInstaller-frameworks.sh\"\n";
			showEnvVarsInLog = 0;
		};
		AE0F05D50424C49C66F22FB8 /* [CP] Embed Pods Frameworks */ = {
			isa = PBXShellScriptBuildPhase;
			buildActionMask = 2147483647;
			files = (
			);
			inputFileListPaths = (
				"${PODS_ROOT}/Target Support Files/Pods-MEMInstaller-MEMInstallerUITests/Pods-MEMInstaller-MEMInstallerUITests-frameworks-${CONFIGURATION}-input-files.xcfilelist",
			);
			name = "[CP] Embed Pods Frameworks";
			outputFileListPaths = (
				"${PODS_ROOT}/Target Support Files/Pods-MEMInstaller-MEMInstallerUITests/Pods-MEMInstaller-MEMInstallerUITests-frameworks-${CONFIGURATION}-output-files.xcfilelist",
			);
			runOnlyForDeploymentPostprocessing = 0;
			shellPath = /bin/sh;
			shellScript = "\"${PODS_ROOT}/Target Support Files/Pods-MEMInstaller-MEMInstallerUITests/Pods-MEMInstaller-MEMInstallerUITests-frameworks.sh\"\n";
			showEnvVarsInLog = 0;
		};
		AF0ABF15D202558D61610F1E /* [CP] Check Pods Manifest.lock */ = {
			isa = PBXShellScriptBuildPhase;
			buildActionMask = 2147483647;
			files = (
			);
			inputFileListPaths = (
			);
			inputPaths = (
				"${PODS_PODFILE_DIR_PATH}/Podfile.lock",
				"${PODS_ROOT}/Manifest.lock",
			);
			name = "[CP] Check Pods Manifest.lock";
			outputFileListPaths = (
			);
			outputPaths = (
				"$(DERIVED_FILE_DIR)/Pods-MEMInstaller-checkManifestLockResult.txt",
			);
			runOnlyForDeploymentPostprocessing = 0;
			shellPath = /bin/sh;
			shellScript = "diff \"${PODS_PODFILE_DIR_PATH}/Podfile.lock\" \"${PODS_ROOT}/Manifest.lock\" > /dev/null\nif [ $? != 0 ] ; then\n    # print error to STDERR\n    echo \"error: The sandbox is not in sync with the Podfile.lock. Run 'pod install' or update your CocoaPods installation.\" >&2\n    exit 1\nfi\n# This output is used by Xcode 'outputs' to avoid re-running this script phase.\necho \"SUCCESS\" > \"${SCRIPT_OUTPUT_FILE_0}\"\n";
			showEnvVarsInLog = 0;
		};
		CFE951488BAE8A7C4AB02FF4 /* [CP] Check Pods Manifest.lock */ = {
			isa = PBXShellScriptBuildPhase;
			buildActionMask = 2147483647;
			files = (
			);
			inputFileListPaths = (
			);
			inputPaths = (
				"${PODS_PODFILE_DIR_PATH}/Podfile.lock",
				"${PODS_ROOT}/Manifest.lock",
			);
			name = "[CP] Check Pods Manifest.lock";
			outputFileListPaths = (
			);
			outputPaths = (
				"$(DERIVED_FILE_DIR)/Pods-MEMInstaller-MEMInstallerUITests-checkManifestLockResult.txt",
			);
			runOnlyForDeploymentPostprocessing = 0;
			shellPath = /bin/sh;
			shellScript = "diff \"${PODS_PODFILE_DIR_PATH}/Podfile.lock\" \"${PODS_ROOT}/Manifest.lock\" > /dev/null\nif [ $? != 0 ] ; then\n    # print error to STDERR\n    echo \"error: The sandbox is not in sync with the Podfile.lock. Run 'pod install' or update your CocoaPods installation.\" >&2\n    exit 1\nfi\n# This output is used by Xcode 'outputs' to avoid re-running this script phase.\necho \"SUCCESS\" > \"${SCRIPT_OUTPUT_FILE_0}\"\n";
			showEnvVarsInLog = 0;
		};
/* End PBXShellScriptBuildPhase section */

/* Begin PBXSourcesBuildPhase section */
		523F71CB2CDB323100D564E7 /* Sources */ = {
			isa = PBXSourcesBuildPhase;
			buildActionMask = 2147483647;
			files = (
				525AD9912CF446F500BF08AF /* Notification+.swift in Sources */,
				529A4D1B2CF9774D00E2EDB7 /* UIScreen+.swift in Sources */,
				523F72352CDB794700D564E7 /* HomeViewModel.swift in Sources */,
				523F72492CDBAD9D00D564E7 /* UIImage+.swift in Sources */,
				52F393B32CE5202D00C9B23C /* ConnectionStatus.swift in Sources */,
				52A77EF52CF9F5830064A063 /* UserProfileButtonView.swift in Sources */,
				523F721B2CDB37D000D564E7 /* HomeView.swift in Sources */,
				52E109F22CE7BCE0002D1EDD /* PackageExtractionHandler.swift in Sources */,
				52F393C32CE5DC6C00C9B23C /* BucketModel.swift in Sources */,
				5252A4102CF6DBD5005DD9CC /* NavigationEnums.swift in Sources */,
				52F393C52CE5DCAD00C9B23C /* DataModel.swift in Sources */,
				522C7F652D02E6620032F25E /* CopyInstallationLinkView.swift in Sources */,
				520072302CF72BB80080D8E8 /* ZFFileProtocol.swift in Sources */,
				52E109D82CE6287C002D1EDD /* WindowAccessor.swift in Sources */,
				525AD98F2CF4424600BF08AF /* Device.swift in Sources */,
				525AD9972CF5B86E00BF08AF /* RoundedRectangleOutlineView.swift in Sources */,
				52F6EA632D081AC300ACA676 /* PackageExtractionModel.swift in Sources */,
				523F722D2CDB690000D564E7 /* UIColor+.swift in Sources */,
				52F393A82CE47AFF00C9B23C /* UserDataManager.swift in Sources */,
				5216480F2CFD976500D599E2 /* StateManagementEnums.swift in Sources */,
				520732F12CE383C100659A66 /* ZIAMManager.swift in Sources */,
				52B095192CEEF46D00D0D383 /* EnvironmentKey+.swift in Sources */,
				52BCCCB92CF8D2E700D49186 /* UploadComponents.swift in Sources */,
				523F722B2CDB68D500D564E7 /* Colors.swift in Sources */,
				523F72422CDB9EE400D564E7 /* BundleProperties.swift in Sources */,
				523F72132CDB365C00D564E7 /* LoginView.swift in Sources */,
				5216480B2CFD7A8700D599E2 /* HomeSideBarAppLabel.swift in Sources */,
				5252A40E2CF64FCA005DD9CC /* ZSMultiThreading.swift in Sources */,
				52F6EA612D0721C300ACA676 /* AppPackageProcessor.swift in Sources */,
				5252A4092CF641CF005DD9CC /* NavigationProtocol.swift in Sources */,
				523F72392CDB8DDB00D564E7 /* UTType+.swift in Sources */,
				523F72262CDB4EFC00D564E7 /* ZUserProfile.swift in Sources */,
				5252A40B2CF64272005DD9CC /* AppCoordinatorImpl.swift in Sources */,
				5270C5622CEC64C300C051CB /* PUT.swift in Sources */,
				5252A41A2CF71DB2005DD9CC /* Decimal+.swift in Sources */,
				523F72302CDB77EE00D564E7 /* ViewModifiers.swift in Sources */,
				52D0B5582CEB730400214F41 /* DownloadService.swift in Sources */,
				529E6FEA2CFCDA45002AB497 /* Array+.swift in Sources */,
				523F72202CDB4A6D00D564E7 /* KeychainServices.swift in Sources */,
				523F72322CDB780200D564E7 /* ViewModifiers+.swift in Sources */,
				52F393BB2CE5D9D000C9B23C /* PATCH.swift in Sources */,
				52BCCCBB2CF8EC8600D49186 /* Constants.swift in Sources */,
				521648112CFD98D700D599E2 /* HorizontalLoadingWrapper.swift in Sources */,
				52E109E92CE70725002D1EDD /* Color+.swift in Sources */,
				523F723D2CDB912A00D564E7 /* ZFFileManager.swift in Sources */,
				523F72152CDB368500D564E7 /* AppViewModel.swift in Sources */,
				523F72452CDBAD0400D564E7 /* AttachedFileDetailView.swift in Sources */,
				523F723B2CDB903100D564E7 /* PropertyListHandler.swift in Sources */,
				5252A4182CF704A2005DD9CC /* ViewBuilders.swift in Sources */,
				5270C56B2CEDECFB00C051CB /* PresentLogoutView.swift in Sources */,
				5270C5712CEDEF0500C051CB /* Bundle+.swift in Sources */,
				52F393B92CE5D15F00C9B23C /* NetworkRequestProtocol.swift in Sources */,
				52E109E72CE70671002D1EDD /* View+.swift in Sources */,
				52F393C72CE5DEE700C9B23C /* StratusRepositoryImpl.swift in Sources */,
				52B7D0902D00219A0095707B /* ProcessInfo+.swift in Sources */,
				5252A4032CF5FE28005DD9CC /* HorizontalKeyValueContainer.swift in Sources */,
				52F393BD2CE5D9EE00C9B23C /* TokenProviderProtocol.swift in Sources */,
				52E109E12CE67994002D1EDD /* EmptyBucketView.swift in Sources */,
				523F72082CDB355900D564E7 /* AppDelegate.swift in Sources */,
				52BCCCB12CF7886100D49186 /* UserProfileImageView.swift in Sources */,
				52E109ED2CE75C18002D1EDD /* BucketObjectModel.swift in Sources */,
				523F71D52CDB323100D564E7 /* ContentView.swift in Sources */,
				52B7D08E2D001FFC0095707B /* SettingPrivacyView.swift in Sources */,
				523F71D32CDB323100D564E7 /* MEMInstallerApp.swift in Sources */,
				52D0B5542CEB3D6C00214F41 /* String+.swift in Sources */,
				520072342CF77ED40080D8E8 /* SettingsView.swift in Sources */,
				52F393B52CE520A800C9B23C /* ZAPIStrings.swift in Sources */,
				52F393B72CE5D0AA00C9B23C /* GET.swift in Sources */,
				523F72232CDB4AB800D564E7 /* KeyChainKeys.swift in Sources */,
				523F72472CDBAD3000D564E7 /* ActivityViewRepresentable.swift in Sources */,
				52F393C02CE5DBF000C9B23C /* StratusRepository.swift in Sources */,
				525AD9932CF5784900BF08AF /* MobileProvision.swift in Sources */,
				52E109EB2CE70A7F002D1EDD /* UIViewController+.swift in Sources */,
				520732F42CE3851600659A66 /* UserDefaultsKey.swift in Sources */,
				523F723F2CDB915E00D564E7 /* ZError.swift in Sources */,
				52BCCCAF2CF7884500D49186 /* AboutView.swift in Sources */,
				523F72372CDB7A9B00D564E7 /* LetterAvatar.swift in Sources */,
				52F393CA2CE5EA3C00C9B23C /* HorizontalCircularViewStyle.swift in Sources */,
				521648072CFD6BE800D599E2 /* HomeSidebarView.swift in Sources */,
				522C7F632D01942D0032F25E /* AttachedFileDetailViewModel.swift in Sources */,
				52F393A62CE47ABD00C9B23C /* UserManagerProtocol.swift in Sources */,
				523F721D2CDB3C7C00D564E7 /* ZLogs.swift in Sources */,
				523F72292CDB68B300D564E7 /* StyleManager.swift in Sources */,
			);
			runOnlyForDeploymentPostprocessing = 0;
		};
		523F71DB2CDB323600D564E7 /* Sources */ = {
			isa = PBXSourcesBuildPhase;
			buildActionMask = 2147483647;
			files = (
				523F71E42CDB323600D564E7 /* MEMInstallerTests.swift in Sources */,
			);
			runOnlyForDeploymentPostprocessing = 0;
		};
		523F71E52CDB323600D564E7 /* Sources */ = {
			isa = PBXSourcesBuildPhase;
			buildActionMask = 2147483647;
			files = (
				523F71EE2CDB323600D564E7 /* MEMInstallerUITests.swift in Sources */,
				523F71F02CDB323600D564E7 /* MEMInstallerUITestsLaunchTests.swift in Sources */,
			);
			runOnlyForDeploymentPostprocessing = 0;
		};
/* End PBXSourcesBuildPhase section */

/* Begin PBXTargetDependency section */
		523F71E12CDB323600D564E7 /* PBXTargetDependency */ = {
			isa = PBXTargetDependency;
			target = 523F71CE2CDB323100D564E7 /* MEMInstaller */;
			targetProxy = 523F71E02CDB323600D564E7 /* PBXContainerItemProxy */;
		};
		523F71EB2CDB323600D564E7 /* PBXTargetDependency */ = {
			isa = PBXTargetDependency;
			target = 523F71CE2CDB323100D564E7 /* MEMInstaller */;
			targetProxy = 523F71EA2CDB323600D564E7 /* PBXContainerItemProxy */;
		};
/* End PBXTargetDependency section */

/* Begin XCBuildConfiguration section */
		523F71F12CDB323600D564E7 /* Debug */ = {
			isa = XCBuildConfiguration;
			buildSettings = {
				ALWAYS_SEARCH_USER_PATHS = NO;
				ASSETCATALOG_COMPILER_GENERATE_SWIFT_ASSET_SYMBOL_EXTENSIONS = YES;
				CLANG_ANALYZER_NONNULL = YES;
				CLANG_ANALYZER_NUMBER_OBJECT_CONVERSION = YES_AGGRESSIVE;
				CLANG_CXX_LANGUAGE_STANDARD = "gnu++20";
				CLANG_ENABLE_MODULES = YES;
				CLANG_ENABLE_OBJC_ARC = YES;
				CLANG_ENABLE_OBJC_WEAK = YES;
				CLANG_WARN_BLOCK_CAPTURE_AUTORELEASING = YES;
				CLANG_WARN_BOOL_CONVERSION = YES;
				CLANG_WARN_COMMA = YES;
				CLANG_WARN_CONSTANT_CONVERSION = YES;
				CLANG_WARN_DEPRECATED_OBJC_IMPLEMENTATIONS = YES;
				CLANG_WARN_DIRECT_OBJC_ISA_USAGE = YES_ERROR;
				CLANG_WARN_DOCUMENTATION_COMMENTS = YES;
				CLANG_WARN_EMPTY_BODY = YES;
				CLANG_WARN_ENUM_CONVERSION = YES;
				CLANG_WARN_INFINITE_RECURSION = YES;
				CLANG_WARN_INT_CONVERSION = YES;
				CLANG_WARN_NON_LITERAL_NULL_CONVERSION = YES;
				CLANG_WARN_OBJC_IMPLICIT_RETAIN_SELF = YES;
				CLANG_WARN_OBJC_LITERAL_CONVERSION = YES;
				CLANG_WARN_OBJC_ROOT_CLASS = YES_ERROR;
				CLANG_WARN_QUOTED_INCLUDE_IN_FRAMEWORK_HEADER = YES;
				CLANG_WARN_RANGE_LOOP_ANALYSIS = YES;
				CLANG_WARN_STRICT_PROTOTYPES = YES;
				CLANG_WARN_SUSPICIOUS_MOVE = YES;
				CLANG_WARN_UNGUARDED_AVAILABILITY = YES_AGGRESSIVE;
				CLANG_WARN_UNREACHABLE_CODE = YES;
				CLANG_WARN__DUPLICATE_METHOD_MATCH = YES;
				COPY_PHASE_STRIP = NO;
				DEBUG_INFORMATION_FORMAT = dwarf;
				ENABLE_STRICT_OBJC_MSGSEND = YES;
				ENABLE_TESTABILITY = YES;
				ENABLE_USER_SCRIPT_SANDBOXING = YES;
				GCC_C_LANGUAGE_STANDARD = gnu17;
				GCC_DYNAMIC_NO_PIC = NO;
				GCC_NO_COMMON_BLOCKS = YES;
				GCC_OPTIMIZATION_LEVEL = 0;
				GCC_PREPROCESSOR_DEFINITIONS = (
					"DEBUG=1",
					"$(inherited)",
				);
				GCC_WARN_64_TO_32_BIT_CONVERSION = YES;
				GCC_WARN_ABOUT_RETURN_TYPE = YES_ERROR;
				GCC_WARN_UNDECLARED_SELECTOR = YES;
				GCC_WARN_UNINITIALIZED_AUTOS = YES_AGGRESSIVE;
				GCC_WARN_UNUSED_FUNCTION = YES;
				GCC_WARN_UNUSED_VARIABLE = YES;
				IPHONEOS_DEPLOYMENT_TARGET = 17.0;
				LOCALIZATION_PREFERS_STRING_CATALOGS = YES;
				MTL_ENABLE_DEBUG_INFO = INCLUDE_SOURCE;
				MTL_FAST_MATH = YES;
				ONLY_ACTIVE_ARCH = YES;
				SDKROOT = iphoneos;
				SWIFT_ACTIVE_COMPILATION_CONDITIONS = "DEBUG $(inherited)";
				SWIFT_OPTIMIZATION_LEVEL = "-Onone";
			};
			name = Debug;
		};
		523F71F22CDB323600D564E7 /* Release */ = {
			isa = XCBuildConfiguration;
			buildSettings = {
				ALWAYS_SEARCH_USER_PATHS = NO;
				ASSETCATALOG_COMPILER_GENERATE_SWIFT_ASSET_SYMBOL_EXTENSIONS = YES;
				CLANG_ANALYZER_NONNULL = YES;
				CLANG_ANALYZER_NUMBER_OBJECT_CONVERSION = YES_AGGRESSIVE;
				CLANG_CXX_LANGUAGE_STANDARD = "gnu++20";
				CLANG_ENABLE_MODULES = YES;
				CLANG_ENABLE_OBJC_ARC = YES;
				CLANG_ENABLE_OBJC_WEAK = YES;
				CLANG_WARN_BLOCK_CAPTURE_AUTORELEASING = YES;
				CLANG_WARN_BOOL_CONVERSION = YES;
				CLANG_WARN_COMMA = YES;
				CLANG_WARN_CONSTANT_CONVERSION = YES;
				CLANG_WARN_DEPRECATED_OBJC_IMPLEMENTATIONS = YES;
				CLANG_WARN_DIRECT_OBJC_ISA_USAGE = YES_ERROR;
				CLANG_WARN_DOCUMENTATION_COMMENTS = YES;
				CLANG_WARN_EMPTY_BODY = YES;
				CLANG_WARN_ENUM_CONVERSION = YES;
				CLANG_WARN_INFINITE_RECURSION = YES;
				CLANG_WARN_INT_CONVERSION = YES;
				CLANG_WARN_NON_LITERAL_NULL_CONVERSION = YES;
				CLANG_WARN_OBJC_IMPLICIT_RETAIN_SELF = YES;
				CLANG_WARN_OBJC_LITERAL_CONVERSION = YES;
				CLANG_WARN_OBJC_ROOT_CLASS = YES_ERROR;
				CLANG_WARN_QUOTED_INCLUDE_IN_FRAMEWORK_HEADER = YES;
				CLANG_WARN_RANGE_LOOP_ANALYSIS = YES;
				CLANG_WARN_STRICT_PROTOTYPES = YES;
				CLANG_WARN_SUSPICIOUS_MOVE = YES;
				CLANG_WARN_UNGUARDED_AVAILABILITY = YES_AGGRESSIVE;
				CLANG_WARN_UNREACHABLE_CODE = YES;
				CLANG_WARN__DUPLICATE_METHOD_MATCH = YES;
				COPY_PHASE_STRIP = NO;
				DEBUG_INFORMATION_FORMAT = "dwarf-with-dsym";
				ENABLE_NS_ASSERTIONS = NO;
				ENABLE_STRICT_OBJC_MSGSEND = YES;
				ENABLE_USER_SCRIPT_SANDBOXING = YES;
				GCC_C_LANGUAGE_STANDARD = gnu17;
				GCC_NO_COMMON_BLOCKS = YES;
				GCC_WARN_64_TO_32_BIT_CONVERSION = YES;
				GCC_WARN_ABOUT_RETURN_TYPE = YES_ERROR;
				GCC_WARN_UNDECLARED_SELECTOR = YES;
				GCC_WARN_UNINITIALIZED_AUTOS = YES_AGGRESSIVE;
				GCC_WARN_UNUSED_FUNCTION = YES;
				GCC_WARN_UNUSED_VARIABLE = YES;
				IPHONEOS_DEPLOYMENT_TARGET = 17.0;
				LOCALIZATION_PREFERS_STRING_CATALOGS = YES;
				MTL_ENABLE_DEBUG_INFO = NO;
				MTL_FAST_MATH = YES;
				SDKROOT = iphoneos;
				SWIFT_COMPILATION_MODE = wholemodule;
				VALIDATE_PRODUCT = YES;
			};
			name = Release;
		};
		523F71F42CDB323600D564E7 /* Debug */ = {
			isa = XCBuildConfiguration;
			baseConfigurationReference = BE7969925491144E67C412EF /* Pods-MEMInstaller.debug.xcconfig */;
			buildSettings = {
				ASSETCATALOG_COMPILER_APPICON_NAME = AppIcon;
				ASSETCATALOG_COMPILER_GLOBAL_ACCENT_COLOR_NAME = AccentColor;
				CODE_SIGN_STYLE = Automatic;
				CURRENT_PROJECT_VERSION = 1;
				DEVELOPMENT_ASSET_PATHS = "\"MEMInstaller/Preview Content\"";
				DEVELOPMENT_TEAM = SRKA3M5T33;
				ENABLE_PREVIEWS = YES;
				ENABLE_USER_SCRIPT_SANDBOXING = NO;
				GENERATE_INFOPLIST_FILE = YES;
				INFOPLIST_FILE = MEMInstaller/Info.plist;
				INFOPLIST_KEY_NSDownloadsFolderUsageDescription = "This app needs access to your files to help you view, organize, and manage them easily.";
				INFOPLIST_KEY_NSFileProviderDomainUsageDescription = "This app needs access to your files to help you view, organize, and manage them easily.";
				INFOPLIST_KEY_NSFileProviderPresenceUsageDescription = "This app needs access to your files to help you view, organize, and manage them easily.";
				INFOPLIST_KEY_UIApplicationSceneManifest_Generation = YES;
				INFOPLIST_KEY_UIApplicationSupportsIndirectInputEvents = YES;
				INFOPLIST_KEY_UILaunchScreen_Generation = YES;
				INFOPLIST_KEY_UILaunchStoryboardName = "Launch Screen.storyboard";
				INFOPLIST_KEY_UISupportedInterfaceOrientations = UIInterfaceOrientationPortrait;
				INFOPLIST_KEY_UISupportedInterfaceOrientations_iPad = "UIInterfaceOrientationLandscapeLeft UIInterfaceOrientationLandscapeRight UIInterfaceOrientationPortrait UIInterfaceOrientationPortraitUpsideDown";
				IPHONEOS_DEPLOYMENT_TARGET = 17.0;
				LD_RUNPATH_SEARCH_PATHS = (
					"$(inherited)",
					"@executable_path/Frameworks",
				);
				MARKETING_VERSION = 1.0;
				PRODUCT_BUNDLE_IDENTIFIER = com.learn.MEMInstaller;
				PRODUCT_NAME = "$(TARGET_NAME)";
				SUPPORTED_PLATFORMS = "iphoneos iphonesimulator";
				SUPPORTS_MACCATALYST = NO;
				SUPPORTS_MAC_DESIGNED_FOR_IPHONE_IPAD = YES;
				SUPPORTS_XR_DESIGNED_FOR_IPHONE_IPAD = NO;
				SWIFT_EMIT_LOC_STRINGS = YES;
				SWIFT_VERSION = 5.0;
				TARGETED_DEVICE_FAMILY = "1,2";
			};
			name = Debug;
		};
		523F71F52CDB323600D564E7 /* Release */ = {
			isa = XCBuildConfiguration;
			baseConfigurationReference = DDE3F17ED75C383F614AD29E /* Pods-MEMInstaller.release.xcconfig */;
			buildSettings = {
				ASSETCATALOG_COMPILER_APPICON_NAME = AppIcon;
				ASSETCATALOG_COMPILER_GLOBAL_ACCENT_COLOR_NAME = AccentColor;
				CODE_SIGN_STYLE = Automatic;
				CURRENT_PROJECT_VERSION = 1;
				DEVELOPMENT_ASSET_PATHS = "\"MEMInstaller/Preview Content\"";
				DEVELOPMENT_TEAM = SRKA3M5T33;
				ENABLE_PREVIEWS = YES;
				ENABLE_USER_SCRIPT_SANDBOXING = NO;
				GENERATE_INFOPLIST_FILE = YES;
				INFOPLIST_FILE = MEMInstaller/Info.plist;
				INFOPLIST_KEY_NSDownloadsFolderUsageDescription = "This app needs access to your files to help you view, organize, and manage them easily.";
				INFOPLIST_KEY_NSFileProviderDomainUsageDescription = "This app needs access to your files to help you view, organize, and manage them easily.";
				INFOPLIST_KEY_NSFileProviderPresenceUsageDescription = "This app needs access to your files to help you view, organize, and manage them easily.";
				INFOPLIST_KEY_UIApplicationSceneManifest_Generation = YES;
				INFOPLIST_KEY_UIApplicationSupportsIndirectInputEvents = YES;
				INFOPLIST_KEY_UILaunchScreen_Generation = YES;
				INFOPLIST_KEY_UILaunchStoryboardName = "Launch Screen.storyboard";
				INFOPLIST_KEY_UISupportedInterfaceOrientations = UIInterfaceOrientationPortrait;
				INFOPLIST_KEY_UISupportedInterfaceOrientations_iPad = "UIInterfaceOrientationLandscapeLeft UIInterfaceOrientationLandscapeRight UIInterfaceOrientationPortrait UIInterfaceOrientationPortraitUpsideDown";
				IPHONEOS_DEPLOYMENT_TARGET = 17.0;
				LD_RUNPATH_SEARCH_PATHS = (
					"$(inherited)",
					"@executable_path/Frameworks",
				);
				MARKETING_VERSION = 1.0;
				PRODUCT_BUNDLE_IDENTIFIER = com.learn.MEMInstaller;
				PRODUCT_NAME = "$(TARGET_NAME)";
				SUPPORTED_PLATFORMS = "iphoneos iphonesimulator";
				SUPPORTS_MACCATALYST = NO;
				SUPPORTS_MAC_DESIGNED_FOR_IPHONE_IPAD = YES;
				SUPPORTS_XR_DESIGNED_FOR_IPHONE_IPAD = NO;
				SWIFT_EMIT_LOC_STRINGS = YES;
				SWIFT_VERSION = 5.0;
				TARGETED_DEVICE_FAMILY = "1,2";
			};
			name = Release;
		};
		523F71F72CDB323600D564E7 /* Debug */ = {
			isa = XCBuildConfiguration;
			baseConfigurationReference = B2E5E44D5E1DF64C98441A68 /* Pods-MEMInstallerTests.debug.xcconfig */;
			buildSettings = {
				ALWAYS_EMBED_SWIFT_STANDARD_LIBRARIES = YES;
				BUNDLE_LOADER = "$(TEST_HOST)";
				CODE_SIGN_STYLE = Automatic;
				CURRENT_PROJECT_VERSION = 1;
				DEVELOPMENT_TEAM = SRKA3M5T33;
				ENABLE_USER_SCRIPT_SANDBOXING = NO;
				GENERATE_INFOPLIST_FILE = YES;
				IPHONEOS_DEPLOYMENT_TARGET = 17.5;
				MARKETING_VERSION = 1.0;
				PRODUCT_BUNDLE_IDENTIFIER = com.learn.MEMInstallerTests;
				PRODUCT_NAME = "$(TARGET_NAME)";
				SWIFT_EMIT_LOC_STRINGS = NO;
				SWIFT_VERSION = 5.0;
				TARGETED_DEVICE_FAMILY = "1,2";
				TEST_HOST = "$(BUILT_PRODUCTS_DIR)/MEMInstaller.app/$(BUNDLE_EXECUTABLE_FOLDER_PATH)/MEMInstaller";
			};
			name = Debug;
		};
		523F71F82CDB323600D564E7 /* Release */ = {
			isa = XCBuildConfiguration;
			baseConfigurationReference = 5C6B37B5A17A963E0B94C925 /* Pods-MEMInstallerTests.release.xcconfig */;
			buildSettings = {
				ALWAYS_EMBED_SWIFT_STANDARD_LIBRARIES = YES;
				BUNDLE_LOADER = "$(TEST_HOST)";
				CODE_SIGN_STYLE = Automatic;
				CURRENT_PROJECT_VERSION = 1;
				DEVELOPMENT_TEAM = SRKA3M5T33;
				ENABLE_USER_SCRIPT_SANDBOXING = NO;
				GENERATE_INFOPLIST_FILE = YES;
				IPHONEOS_DEPLOYMENT_TARGET = 17.5;
				MARKETING_VERSION = 1.0;
				PRODUCT_BUNDLE_IDENTIFIER = com.learn.MEMInstallerTests;
				PRODUCT_NAME = "$(TARGET_NAME)";
				SWIFT_EMIT_LOC_STRINGS = NO;
				SWIFT_VERSION = 5.0;
				TARGETED_DEVICE_FAMILY = "1,2";
				TEST_HOST = "$(BUILT_PRODUCTS_DIR)/MEMInstaller.app/$(BUNDLE_EXECUTABLE_FOLDER_PATH)/MEMInstaller";
			};
			name = Release;
		};
		523F71FA2CDB323600D564E7 /* Debug */ = {
			isa = XCBuildConfiguration;
			baseConfigurationReference = 925B03E647F354E86B8647A5 /* Pods-MEMInstaller-MEMInstallerUITests.debug.xcconfig */;
			buildSettings = {
				ALWAYS_EMBED_SWIFT_STANDARD_LIBRARIES = YES;
				CODE_SIGN_IDENTITY = "Apple Development";
				CODE_SIGN_STYLE = Automatic;
				CURRENT_PROJECT_VERSION = 1;
				DEVELOPMENT_TEAM = SRKA3M5T33;
				ENABLE_USER_SCRIPT_SANDBOXING = NO;
				GENERATE_INFOPLIST_FILE = YES;
				MARKETING_VERSION = 1.0;
				PRODUCT_BUNDLE_IDENTIFIER = com.learn.MEMInstallerUITests;
				PRODUCT_NAME = "$(TARGET_NAME)";
				PROVISIONING_PROFILE_SPECIFIER = "";
				SWIFT_EMIT_LOC_STRINGS = NO;
				SWIFT_VERSION = 5.0;
				TARGETED_DEVICE_FAMILY = "1,2";
				TEST_TARGET_NAME = MEMInstaller;
			};
			name = Debug;
		};
		523F71FB2CDB323600D564E7 /* Release */ = {
			isa = XCBuildConfiguration;
			baseConfigurationReference = 5748362C25EFD1E552A2E6D5 /* Pods-MEMInstaller-MEMInstallerUITests.release.xcconfig */;
			buildSettings = {
				ALWAYS_EMBED_SWIFT_STANDARD_LIBRARIES = YES;
				CODE_SIGN_IDENTITY = "Apple Development";
				CODE_SIGN_STYLE = Automatic;
				CURRENT_PROJECT_VERSION = 1;
				DEVELOPMENT_TEAM = SRKA3M5T33;
				ENABLE_USER_SCRIPT_SANDBOXING = NO;
				GENERATE_INFOPLIST_FILE = YES;
				MARKETING_VERSION = 1.0;
				PRODUCT_BUNDLE_IDENTIFIER = com.learn.MEMInstallerUITests;
				PRODUCT_NAME = "$(TARGET_NAME)";
				PROVISIONING_PROFILE_SPECIFIER = "";
				SWIFT_EMIT_LOC_STRINGS = NO;
				SWIFT_VERSION = 5.0;
				TARGETED_DEVICE_FAMILY = "1,2";
				TEST_TARGET_NAME = MEMInstaller;
			};
			name = Release;
		};
/* End XCBuildConfiguration section */

/* Begin XCConfigurationList section */
		523F71CA2CDB323100D564E7 /* Build configuration list for PBXProject "MEMInstaller" */ = {
			isa = XCConfigurationList;
			buildConfigurations = (
				523F71F12CDB323600D564E7 /* Debug */,
				523F71F22CDB323600D564E7 /* Release */,
			);
			defaultConfigurationIsVisible = 0;
			defaultConfigurationName = Release;
		};
		523F71F32CDB323600D564E7 /* Build configuration list for PBXNativeTarget "MEMInstaller" */ = {
			isa = XCConfigurationList;
			buildConfigurations = (
				523F71F42CDB323600D564E7 /* Debug */,
				523F71F52CDB323600D564E7 /* Release */,
			);
			defaultConfigurationIsVisible = 0;
			defaultConfigurationName = Release;
		};
		523F71F62CDB323600D564E7 /* Build configuration list for PBXNativeTarget "MEMInstallerTests" */ = {
			isa = XCConfigurationList;
			buildConfigurations = (
				523F71F72CDB323600D564E7 /* Debug */,
				523F71F82CDB323600D564E7 /* Release */,
			);
			defaultConfigurationIsVisible = 0;
			defaultConfigurationName = Release;
		};
		523F71F92CDB323600D564E7 /* Build configuration list for PBXNativeTarget "MEMInstallerUITests" */ = {
			isa = XCConfigurationList;
			buildConfigurations = (
				523F71FA2CDB323600D564E7 /* Debug */,
				523F71FB2CDB323600D564E7 /* Release */,
			);
			defaultConfigurationIsVisible = 0;
			defaultConfigurationName = Release;
		};
/* End XCConfigurationList section */
	};
	rootObject = 523F71C72CDB323100D564E7 /* Project object */;
}
